// !$*UTF8*$!
{
	archiveVersion = 1;
	classes = {
	};
	objectVersion = 56;
	objects = {

/* Begin PBXBuildFile section */
		2A2E9C312B62803900C0D174 /* Colors.xcassets in Resources */ = {isa = PBXBuildFile; fileRef = 2AC3D4432B35AE4200EF8777 /* Colors.xcassets */; };
		2A2E9C322B62807800C0D174 /* Colors.xcassets in Resources */ = {isa = PBXBuildFile; fileRef = 2AC3D4432B35AE4200EF8777 /* Colors.xcassets */; };
		2A2E9C3A2B62903900C0D174 /* PlaybookApp.swift in Sources */ = {isa = PBXBuildFile; fileRef = 2A2E9C392B62903900C0D174 /* PlaybookApp.swift */; };
		2A2E9C3E2B62903A00C0D174 /* Assets.xcassets in Resources */ = {isa = PBXBuildFile; fileRef = 2A2E9C3D2B62903A00C0D174 /* Assets.xcassets */; };
		2A2E9C452B6290F000C0D174 /* Inter-Black.ttf in Resources */ = {isa = PBXBuildFile; fileRef = 2AF7A54B2B57AEF900FCEBB2 /* Inter-Black.ttf */; };
		2A2E9C462B6290F000C0D174 /* Inter-Bold.ttf in Resources */ = {isa = PBXBuildFile; fileRef = 2AF7A54A2B57AEF900FCEBB2 /* Inter-Bold.ttf */; };
		2A2E9C472B6290F000C0D174 /* Inter-Light.ttf in Resources */ = {isa = PBXBuildFile; fileRef = 2AF7A54E2B57AEFA00FCEBB2 /* Inter-Light.ttf */; };
		2A2E9C482B6290F000C0D174 /* Inter-Medium.ttf in Resources */ = {isa = PBXBuildFile; fileRef = 2AF7A54D2B57AEFA00FCEBB2 /* Inter-Medium.ttf */; };
		2A2E9C492B6290F000C0D174 /* Inter-Regular.ttf in Resources */ = {isa = PBXBuildFile; fileRef = 2AF7A54C2B57AEF900FCEBB2 /* Inter-Regular.ttf */; };
		2A2E9C4A2B6290F000C0D174 /* Inter-SemiBold.ttf in Resources */ = {isa = PBXBuildFile; fileRef = 2AF7A54F2B57AEFA00FCEBB2 /* Inter-SemiBold.ttf */; };
		2A2E9C4B2B6290F000C0D174 /* Inter-Thin.ttf in Resources */ = {isa = PBXBuildFile; fileRef = 2AF7A5492B57AEF900FCEBB2 /* Inter-Thin.ttf */; };
		2A2E9C4C2B6290F000C0D174 /* Inter-UltraLight.ttf in Resources */ = {isa = PBXBuildFile; fileRef = 2AF7A5512B57AEFA00FCEBB2 /* Inter-UltraLight.ttf */; };
		2A2E9C4D2B62910D00C0D174 /* Colors.xcassets in Resources */ = {isa = PBXBuildFile; fileRef = 2AC3D4432B35AE4200EF8777 /* Colors.xcassets */; };
		2A2E9C4F2B62911800C0D174 /* PlaybookFeature in Frameworks */ = {isa = PBXBuildFile; productRef = 2A2E9C4E2B62911800C0D174 /* PlaybookFeature */; };
		2A2E9C512B62998600C0D174 /* PlaybookView.swift in Sources */ = {isa = PBXBuildFile; fileRef = 2A2E9C502B62998600C0D174 /* PlaybookView.swift */; };
		2A3E09142B34582400B3C2CD /* SignUpFeatureDemoApp.swift in Sources */ = {isa = PBXBuildFile; fileRef = 2A3E09132B34582400B3C2CD /* SignUpFeatureDemoApp.swift */; };
		2A3E09182B34582700B3C2CD /* Assets.xcassets in Resources */ = {isa = PBXBuildFile; fileRef = 2A3E09172B34582700B3C2CD /* Assets.xcassets */; };
		2A3E09202B345AEC00B3C2CD /* SignUpFeature in Frameworks */ = {isa = PBXBuildFile; productRef = 2A3E091F2B345AEC00B3C2CD /* SignUpFeature */; };
		2A3FAD282B2C8C270016163B /* DependenciesInitializer.swift in Sources */ = {isa = PBXBuildFile; fileRef = 2A3FAD272B2C8C190016163B /* DependenciesInitializer.swift */; };
		2A3FAD302B2C92A30016163B /* Assets.xcassets in Resources */ = {isa = PBXBuildFile; fileRef = 2A3FAD2C2B2C91410016163B /* Assets.xcassets */; };
		2A3FAD322B301E830016163B /* AppDelegate.swift in Sources */ = {isa = PBXBuildFile; fileRef = 2A3FAD312B301E830016163B /* AppDelegate.swift */; };
		2A3FAD642B3194E90016163B /* RootNavigationController.swift in Sources */ = {isa = PBXBuildFile; fileRef = 2A3FAD632B3194E90016163B /* RootNavigationController.swift */; };
		2A41C4312B63A3570066FC37 /* DesignSystemExtensions.swift in Sources */ = {isa = PBXBuildFile; fileRef = 2AC3D4412B35ADDE00EF8777 /* DesignSystemExtensions.swift */; };
		2A41C4322B63A3580066FC37 /* DesignSystemExtensions.swift in Sources */ = {isa = PBXBuildFile; fileRef = 2AC3D4412B35ADDE00EF8777 /* DesignSystemExtensions.swift */; };
		2A41C4332B63A3580066FC37 /* DesignSystemExtensions.swift in Sources */ = {isa = PBXBuildFile; fileRef = 2AC3D4412B35ADDE00EF8777 /* DesignSystemExtensions.swift */; };
		2A41C4352B63E3E00066FC37 /* main.swift in Sources */ = {isa = PBXBuildFile; fileRef = 2A41C4342B63E3E00066FC37 /* main.swift */; };
		2A9CA5C32B84E59D00827C80 /* OnboardingDemoApp.swift in Sources */ = {isa = PBXBuildFile; fileRef = 2A9CA5C22B84E59D00827C80 /* OnboardingDemoApp.swift */; };
		2A9CA5C72B84E59F00827C80 /* Assets.xcassets in Resources */ = {isa = PBXBuildFile; fileRef = 2A9CA5C62B84E59F00827C80 /* Assets.xcassets */; };
		2A9CA5CF2B84E5B500827C80 /* OnboardingFeature in Frameworks */ = {isa = PBXBuildFile; productRef = 2A9CA5CE2B84E5B500827C80 /* OnboardingFeature */; };
		2A9CA5D02B84E69500827C80 /* DesignSystemExtensions.swift in Sources */ = {isa = PBXBuildFile; fileRef = 2AC3D4412B35ADDE00EF8777 /* DesignSystemExtensions.swift */; };
		2A9CA5D12B84E6A100827C80 /* Colors.xcassets in Resources */ = {isa = PBXBuildFile; fileRef = 2AC3D4432B35AE4200EF8777 /* Colors.xcassets */; };
		2A9CA5D32B86018F00827C80 /* TestUtils in Frameworks */ = {isa = PBXBuildFile; productRef = 2A9CA5D22B86018F00827C80 /* TestUtils */; };
		2A9CA5E02B861C2900827C80 /* MainAppFlowCoordinatorTests.swift in Sources */ = {isa = PBXBuildFile; fileRef = 2A9CA5DF2B861C2900827C80 /* MainAppFlowCoordinatorTests.swift */; };
		2A9CA5E22B861E0500827C80 /* OnboardingFeature in Frameworks */ = {isa = PBXBuildFile; productRef = 2A9CA5E12B861E0500827C80 /* OnboardingFeature */; };
		2A9CA5E42B861E0500827C80 /* PlaybookFeature in Frameworks */ = {isa = PBXBuildFile; productRef = 2A9CA5E32B861E0500827C80 /* PlaybookFeature */; };
		2A9CA5E62B861E0500827C80 /* SignInFeature in Frameworks */ = {isa = PBXBuildFile; productRef = 2A9CA5E52B861E0500827C80 /* SignInFeature */; };
		2A9CA5E82B861E0500827C80 /* SignUpFeature in Frameworks */ = {isa = PBXBuildFile; productRef = 2A9CA5E72B861E0500827C80 /* SignUpFeature */; };
		2A9CA5E92B861FB200827C80 /* MainAppFlowCoordinator.swift in Sources */ = {isa = PBXBuildFile; fileRef = 2A9CA5D72B861BAD00827C80 /* MainAppFlowCoordinator.swift */; };
		2A9CA5EA2B861FB500827C80 /* MainAppFlowCoordinatorFactory.swift in Sources */ = {isa = PBXBuildFile; fileRef = 2A9CA5D62B861BAD00827C80 /* MainAppFlowCoordinatorFactory.swift */; };
		2A9CA5EB2B861FBD00827C80 /* SplashScreenView.swift in Sources */ = {isa = PBXBuildFile; fileRef = 2A9CA5D92B861BAD00827C80 /* SplashScreenView.swift */; };
		2A9CA5EC2B861FBD00827C80 /* SplashScreenViewModel.swift in Sources */ = {isa = PBXBuildFile; fileRef = 2A9CA5DA2B861BAD00827C80 /* SplashScreenViewModel.swift */; };
		2A9CA5ED2B861FC000827C80 /* MainAppFlowViewFactory.swift in Sources */ = {isa = PBXBuildFile; fileRef = 2A9CA5DC2B861BAD00827C80 /* MainAppFlowViewFactory.swift */; };
		2A9CA5EE2B86208A00827C80 /* PreviewMocks.swift in Sources */ = {isa = PBXBuildFile; fileRef = 2A9CA5DE2B861BC400827C80 /* PreviewMocks.swift */; };
		2AC3D4362B3477E600EF8777 /* SignInFeatureDemoApp.swift in Sources */ = {isa = PBXBuildFile; fileRef = 2AC3D4352B3477E600EF8777 /* SignInFeatureDemoApp.swift */; };
		2AC3D43A2B3477E800EF8777 /* Assets.xcassets in Resources */ = {isa = PBXBuildFile; fileRef = 2AC3D4392B3477E800EF8777 /* Assets.xcassets */; };
		2AC3D4422B35ADDE00EF8777 /* DesignSystemExtensions.swift in Sources */ = {isa = PBXBuildFile; fileRef = 2AC3D4412B35ADDE00EF8777 /* DesignSystemExtensions.swift */; };
		2AC3D4442B35B04B00EF8777 /* Colors.xcassets in Resources */ = {isa = PBXBuildFile; fileRef = 2AC3D4432B35AE4200EF8777 /* Colors.xcassets */; };
		2AC3D4462B4D21C300EF8777 /* SignInFeature in Frameworks */ = {isa = PBXBuildFile; productRef = 2AC3D4452B4D21C300EF8777 /* SignInFeature */; };
		2AC3D4482B4E74B600EF8777 /* CustomMainAppFlowViewFactory.swift in Sources */ = {isa = PBXBuildFile; fileRef = 2AC3D4472B4E74B600EF8777 /* CustomMainAppFlowViewFactory.swift */; };
		2AC3D44C2B4EB55F00EF8777 /* CustomMainAppFlowCoordinatorFactory.swift in Sources */ = {isa = PBXBuildFile; fileRef = 2AC3D44B2B4EB55F00EF8777 /* CustomMainAppFlowCoordinatorFactory.swift */; };
		2AC3D44F2B4FCBCC00EF8777 /* CustomSignInFlowViewFactory.swift in Sources */ = {isa = PBXBuildFile; fileRef = 2AC3D44E2B4FCBCB00EF8777 /* CustomSignInFlowViewFactory.swift */; };
		2AC3D4512B4FCF1E00EF8777 /* CustomSignUpFlowViewFactory.swift in Sources */ = {isa = PBXBuildFile; fileRef = 2AC3D4502B4FCF1E00EF8777 /* CustomSignUpFlowViewFactory.swift */; };
		2AC510502B7CA3960030B196 /* CustomMainAppFlowViewFactoryTests.swift in Sources */ = {isa = PBXBuildFile; fileRef = 2AC5104F2B7CA3960030B196 /* CustomMainAppFlowViewFactoryTests.swift */; };
		2AC510592B7CDB330030B196 /* BetaSettings.swift in Sources */ = {isa = PBXBuildFile; fileRef = 2AC510582B7CDB330030B196 /* BetaSettings.swift */; };
		2AC5105B2B7CE0A70030B196 /* BetaSettingsView.swift in Sources */ = {isa = PBXBuildFile; fileRef = 2AC5105A2B7CE0A70030B196 /* BetaSettingsView.swift */; };
		2AC510692B7DF1F50030B196 /* AutomaticSettings.generated.swift in Sources */ = {isa = PBXBuildFile; fileRef = 2AC510682B7DF1F50030B196 /* AutomaticSettings.generated.swift */; };
		2AC5106F2B7F57AC0030B196 /* PlaybookViewModel.swift in Sources */ = {isa = PBXBuildFile; fileRef = 2AC5106E2B7F57AC0030B196 /* PlaybookViewModel.swift */; };
		2AF7A5522B57AEFA00FCEBB2 /* Inter-Thin.ttf in Resources */ = {isa = PBXBuildFile; fileRef = 2AF7A5492B57AEF900FCEBB2 /* Inter-Thin.ttf */; };
		2AF7A5532B57AEFA00FCEBB2 /* Inter-Thin.ttf in Resources */ = {isa = PBXBuildFile; fileRef = 2AF7A5492B57AEF900FCEBB2 /* Inter-Thin.ttf */; };
		2AF7A5542B57AEFA00FCEBB2 /* Inter-Thin.ttf in Resources */ = {isa = PBXBuildFile; fileRef = 2AF7A5492B57AEF900FCEBB2 /* Inter-Thin.ttf */; };
		2AF7A5552B57AEFA00FCEBB2 /* Inter-Bold.ttf in Resources */ = {isa = PBXBuildFile; fileRef = 2AF7A54A2B57AEF900FCEBB2 /* Inter-Bold.ttf */; };
		2AF7A5562B57AEFA00FCEBB2 /* Inter-Bold.ttf in Resources */ = {isa = PBXBuildFile; fileRef = 2AF7A54A2B57AEF900FCEBB2 /* Inter-Bold.ttf */; };
		2AF7A5572B57AEFA00FCEBB2 /* Inter-Bold.ttf in Resources */ = {isa = PBXBuildFile; fileRef = 2AF7A54A2B57AEF900FCEBB2 /* Inter-Bold.ttf */; };
		2AF7A5582B57AEFA00FCEBB2 /* Inter-Black.ttf in Resources */ = {isa = PBXBuildFile; fileRef = 2AF7A54B2B57AEF900FCEBB2 /* Inter-Black.ttf */; };
		2AF7A5592B57AEFA00FCEBB2 /* Inter-Black.ttf in Resources */ = {isa = PBXBuildFile; fileRef = 2AF7A54B2B57AEF900FCEBB2 /* Inter-Black.ttf */; };
		2AF7A55A2B57AEFA00FCEBB2 /* Inter-Black.ttf in Resources */ = {isa = PBXBuildFile; fileRef = 2AF7A54B2B57AEF900FCEBB2 /* Inter-Black.ttf */; };
		2AF7A55B2B57AEFA00FCEBB2 /* Inter-Regular.ttf in Resources */ = {isa = PBXBuildFile; fileRef = 2AF7A54C2B57AEF900FCEBB2 /* Inter-Regular.ttf */; };
		2AF7A55C2B57AEFA00FCEBB2 /* Inter-Regular.ttf in Resources */ = {isa = PBXBuildFile; fileRef = 2AF7A54C2B57AEF900FCEBB2 /* Inter-Regular.ttf */; };
		2AF7A55D2B57AEFA00FCEBB2 /* Inter-Regular.ttf in Resources */ = {isa = PBXBuildFile; fileRef = 2AF7A54C2B57AEF900FCEBB2 /* Inter-Regular.ttf */; };
		2AF7A55E2B57AEFA00FCEBB2 /* Inter-Medium.ttf in Resources */ = {isa = PBXBuildFile; fileRef = 2AF7A54D2B57AEFA00FCEBB2 /* Inter-Medium.ttf */; };
		2AF7A55F2B57AEFA00FCEBB2 /* Inter-Medium.ttf in Resources */ = {isa = PBXBuildFile; fileRef = 2AF7A54D2B57AEFA00FCEBB2 /* Inter-Medium.ttf */; };
		2AF7A5602B57AEFA00FCEBB2 /* Inter-Medium.ttf in Resources */ = {isa = PBXBuildFile; fileRef = 2AF7A54D2B57AEFA00FCEBB2 /* Inter-Medium.ttf */; };
		2AF7A5612B57AEFA00FCEBB2 /* Inter-Light.ttf in Resources */ = {isa = PBXBuildFile; fileRef = 2AF7A54E2B57AEFA00FCEBB2 /* Inter-Light.ttf */; };
		2AF7A5622B57AEFA00FCEBB2 /* Inter-Light.ttf in Resources */ = {isa = PBXBuildFile; fileRef = 2AF7A54E2B57AEFA00FCEBB2 /* Inter-Light.ttf */; };
		2AF7A5632B57AEFA00FCEBB2 /* Inter-Light.ttf in Resources */ = {isa = PBXBuildFile; fileRef = 2AF7A54E2B57AEFA00FCEBB2 /* Inter-Light.ttf */; };
		2AF7A5642B57AEFA00FCEBB2 /* Inter-SemiBold.ttf in Resources */ = {isa = PBXBuildFile; fileRef = 2AF7A54F2B57AEFA00FCEBB2 /* Inter-SemiBold.ttf */; };
		2AF7A5652B57AEFA00FCEBB2 /* Inter-SemiBold.ttf in Resources */ = {isa = PBXBuildFile; fileRef = 2AF7A54F2B57AEFA00FCEBB2 /* Inter-SemiBold.ttf */; };
		2AF7A5662B57AEFA00FCEBB2 /* Inter-SemiBold.ttf in Resources */ = {isa = PBXBuildFile; fileRef = 2AF7A54F2B57AEFA00FCEBB2 /* Inter-SemiBold.ttf */; };
		2AF7A56A2B57AEFA00FCEBB2 /* Inter-UltraLight.ttf in Resources */ = {isa = PBXBuildFile; fileRef = 2AF7A5512B57AEFA00FCEBB2 /* Inter-UltraLight.ttf */; };
		2AF7A56B2B57AEFA00FCEBB2 /* Inter-UltraLight.ttf in Resources */ = {isa = PBXBuildFile; fileRef = 2AF7A5512B57AEFA00FCEBB2 /* Inter-UltraLight.ttf */; };
		2AF7A56C2B57AEFA00FCEBB2 /* Inter-UltraLight.ttf in Resources */ = {isa = PBXBuildFile; fileRef = 2AF7A5512B57AEFA00FCEBB2 /* Inter-UltraLight.ttf */; };
/* End PBXBuildFile section */

/* Begin PBXContainerItemProxy section */
		2AC5104A2B7C9F270030B196 /* PBXContainerItemProxy */ = {
			isa = PBXContainerItemProxy;
			containerPortal = 2A26D1CA2B2B16E800F68A9E /* Project object */;
			proxyType = 1;
			remoteGlobalIDString = 2A26D1D12B2B16E800F68A9E;
			remoteInfo = DynamicStylingPOC;
		};
/* End PBXContainerItemProxy section */

/* Begin PBXFileReference section */
		2A26D1D22B2B16E800F68A9E /* DynamicStylingPOC.app */ = {isa = PBXFileReference; explicitFileType = wrapper.application; includeInIndex = 0; path = DynamicStylingPOC.app; sourceTree = BUILT_PRODUCTS_DIR; };
		2A2E9C372B62903900C0D174 /* PlaybookApp.app */ = {isa = PBXFileReference; explicitFileType = wrapper.application; includeInIndex = 0; path = PlaybookApp.app; sourceTree = BUILT_PRODUCTS_DIR; };
		2A2E9C392B62903900C0D174 /* PlaybookApp.swift */ = {isa = PBXFileReference; lastKnownFileType = sourcecode.swift; path = PlaybookApp.swift; sourceTree = "<group>"; };
		2A2E9C3D2B62903A00C0D174 /* Assets.xcassets */ = {isa = PBXFileReference; lastKnownFileType = folder.assetcatalog; path = Assets.xcassets; sourceTree = "<group>"; };
		2A2E9C502B62998600C0D174 /* PlaybookView.swift */ = {isa = PBXFileReference; lastKnownFileType = sourcecode.swift; path = PlaybookView.swift; sourceTree = "<group>"; };
		2A3E09112B34582400B3C2CD /* DemoApp-SignUpFeature.app */ = {isa = PBXFileReference; explicitFileType = wrapper.application; includeInIndex = 0; path = "DemoApp-SignUpFeature.app"; sourceTree = BUILT_PRODUCTS_DIR; };
		2A3E09132B34582400B3C2CD /* SignUpFeatureDemoApp.swift */ = {isa = PBXFileReference; lastKnownFileType = sourcecode.swift; path = SignUpFeatureDemoApp.swift; sourceTree = "<group>"; };
		2A3E09172B34582700B3C2CD /* Assets.xcassets */ = {isa = PBXFileReference; lastKnownFileType = folder.assetcatalog; path = Assets.xcassets; sourceTree = "<group>"; };
		2A3FAD272B2C8C190016163B /* DependenciesInitializer.swift */ = {isa = PBXFileReference; lastKnownFileType = sourcecode.swift; path = DependenciesInitializer.swift; sourceTree = "<group>"; };
		2A3FAD2C2B2C91410016163B /* Assets.xcassets */ = {isa = PBXFileReference; lastKnownFileType = folder.assetcatalog; name = Assets.xcassets; path = DynamicStylingPOC/Resources/Assets.xcassets; sourceTree = SOURCE_ROOT; };
		2A3FAD2D2B2C91410016163B /* Info.plist */ = {isa = PBXFileReference; lastKnownFileType = text.plist; name = Info.plist; path = DynamicStylingPOC/Resources/Info.plist; sourceTree = SOURCE_ROOT; };
		2A3FAD312B301E830016163B /* AppDelegate.swift */ = {isa = PBXFileReference; lastKnownFileType = sourcecode.swift; path = AppDelegate.swift; sourceTree = "<group>"; };
		2A3FAD632B3194E90016163B /* RootNavigationController.swift */ = {isa = PBXFileReference; lastKnownFileType = sourcecode.swift; path = RootNavigationController.swift; sourceTree = "<group>"; };
		2A41C4342B63E3E00066FC37 /* main.swift */ = {isa = PBXFileReference; lastKnownFileType = sourcecode.swift; path = main.swift; sourceTree = "<group>"; };
		2A9CA5C02B84E59D00827C80 /* DemoApp-Onboarding.app */ = {isa = PBXFileReference; explicitFileType = wrapper.application; includeInIndex = 0; path = "DemoApp-Onboarding.app"; sourceTree = BUILT_PRODUCTS_DIR; };
		2A9CA5C22B84E59D00827C80 /* OnboardingDemoApp.swift */ = {isa = PBXFileReference; lastKnownFileType = sourcecode.swift; path = OnboardingDemoApp.swift; sourceTree = "<group>"; };
		2A9CA5C62B84E59F00827C80 /* Assets.xcassets */ = {isa = PBXFileReference; lastKnownFileType = folder.assetcatalog; path = Assets.xcassets; sourceTree = "<group>"; };
		2A9CA5D62B861BAD00827C80 /* MainAppFlowCoordinatorFactory.swift */ = {isa = PBXFileReference; lastKnownFileType = sourcecode.swift; path = MainAppFlowCoordinatorFactory.swift; sourceTree = "<group>"; };
		2A9CA5D72B861BAD00827C80 /* MainAppFlowCoordinator.swift */ = {isa = PBXFileReference; lastKnownFileType = sourcecode.swift; path = MainAppFlowCoordinator.swift; sourceTree = "<group>"; };
		2A9CA5D92B861BAD00827C80 /* SplashScreenView.swift */ = {isa = PBXFileReference; lastKnownFileType = sourcecode.swift; path = SplashScreenView.swift; sourceTree = "<group>"; };
		2A9CA5DA2B861BAD00827C80 /* SplashScreenViewModel.swift */ = {isa = PBXFileReference; lastKnownFileType = sourcecode.swift; path = SplashScreenViewModel.swift; sourceTree = "<group>"; };
		2A9CA5DC2B861BAD00827C80 /* MainAppFlowViewFactory.swift */ = {isa = PBXFileReference; lastKnownFileType = sourcecode.swift; path = MainAppFlowViewFactory.swift; sourceTree = "<group>"; };
		2A9CA5DE2B861BC400827C80 /* PreviewMocks.swift */ = {isa = PBXFileReference; lastKnownFileType = sourcecode.swift; path = PreviewMocks.swift; sourceTree = "<group>"; };
		2A9CA5DF2B861C2900827C80 /* MainAppFlowCoordinatorTests.swift */ = {isa = PBXFileReference; lastKnownFileType = sourcecode.swift; path = MainAppFlowCoordinatorTests.swift; sourceTree = "<group>"; };
		2AB9191F2B6387FC00AF285A /* Info.plist */ = {isa = PBXFileReference; lastKnownFileType = text.plist; path = Info.plist; sourceTree = "<group>"; };
		2AB919202B63880000AF285A /* Info.plist */ = {isa = PBXFileReference; lastKnownFileType = text.plist; path = Info.plist; sourceTree = "<group>"; };
		2AB919212B63880200AF285A /* Info.plist */ = {isa = PBXFileReference; lastKnownFileType = text.plist; path = Info.plist; sourceTree = "<group>"; };
		2AC3D4332B3477E600EF8777 /* DemoApp-SignInFeature.app */ = {isa = PBXFileReference; explicitFileType = wrapper.application; includeInIndex = 0; path = "DemoApp-SignInFeature.app"; sourceTree = BUILT_PRODUCTS_DIR; };
		2AC3D4352B3477E600EF8777 /* SignInFeatureDemoApp.swift */ = {isa = PBXFileReference; lastKnownFileType = sourcecode.swift; path = SignInFeatureDemoApp.swift; sourceTree = "<group>"; };
		2AC3D4392B3477E800EF8777 /* Assets.xcassets */ = {isa = PBXFileReference; lastKnownFileType = folder.assetcatalog; path = Assets.xcassets; sourceTree = "<group>"; };
		2AC3D4412B35ADDE00EF8777 /* DesignSystemExtensions.swift */ = {isa = PBXFileReference; lastKnownFileType = sourcecode.swift; path = DesignSystemExtensions.swift; sourceTree = "<group>"; };
		2AC3D4432B35AE4200EF8777 /* Colors.xcassets */ = {isa = PBXFileReference; lastKnownFileType = folder.assetcatalog; path = Colors.xcassets; sourceTree = "<group>"; };
		2AC3D4472B4E74B600EF8777 /* CustomMainAppFlowViewFactory.swift */ = {isa = PBXFileReference; lastKnownFileType = sourcecode.swift; path = CustomMainAppFlowViewFactory.swift; sourceTree = "<group>"; };
		2AC3D44B2B4EB55F00EF8777 /* CustomMainAppFlowCoordinatorFactory.swift */ = {isa = PBXFileReference; lastKnownFileType = sourcecode.swift; path = CustomMainAppFlowCoordinatorFactory.swift; sourceTree = "<group>"; };
		2AC3D44E2B4FCBCB00EF8777 /* CustomSignInFlowViewFactory.swift */ = {isa = PBXFileReference; lastKnownFileType = sourcecode.swift; path = CustomSignInFlowViewFactory.swift; sourceTree = "<group>"; };
		2AC3D4502B4FCF1E00EF8777 /* CustomSignUpFlowViewFactory.swift */ = {isa = PBXFileReference; lastKnownFileType = sourcecode.swift; path = CustomSignUpFlowViewFactory.swift; sourceTree = "<group>"; };
		2AC510462B7C9F270030B196 /* DynamicStylingPOCTests.xctest */ = {isa = PBXFileReference; explicitFileType = wrapper.cfbundle; includeInIndex = 0; path = DynamicStylingPOCTests.xctest; sourceTree = BUILT_PRODUCTS_DIR; };
		2AC5104F2B7CA3960030B196 /* CustomMainAppFlowViewFactoryTests.swift */ = {isa = PBXFileReference; lastKnownFileType = sourcecode.swift; path = CustomMainAppFlowViewFactoryTests.swift; sourceTree = "<group>"; };
		2AC510582B7CDB330030B196 /* BetaSettings.swift */ = {isa = PBXFileReference; lastKnownFileType = sourcecode.swift; path = BetaSettings.swift; sourceTree = "<group>"; };
		2AC5105A2B7CE0A70030B196 /* BetaSettingsView.swift */ = {isa = PBXFileReference; lastKnownFileType = sourcecode.swift; path = BetaSettingsView.swift; sourceTree = "<group>"; };
		2AC510682B7DF1F50030B196 /* AutomaticSettings.generated.swift */ = {isa = PBXFileReference; fileEncoding = 4; lastKnownFileType = sourcecode.swift; path = AutomaticSettings.generated.swift; sourceTree = "<group>"; };
		2AC5106E2B7F57AC0030B196 /* PlaybookViewModel.swift */ = {isa = PBXFileReference; lastKnownFileType = sourcecode.swift; path = PlaybookViewModel.swift; sourceTree = "<group>"; };
		2AF7A5492B57AEF900FCEBB2 /* Inter-Thin.ttf */ = {isa = PBXFileReference; lastKnownFileType = file; name = "Inter-Thin.ttf"; path = "../../../../../../Downloads/Inter/static/Inter-Thin.ttf"; sourceTree = "<group>"; };
		2AF7A54A2B57AEF900FCEBB2 /* Inter-Bold.ttf */ = {isa = PBXFileReference; lastKnownFileType = file; name = "Inter-Bold.ttf"; path = "../../../../../../Downloads/Inter/static/Inter-Bold.ttf"; sourceTree = "<group>"; };
		2AF7A54B2B57AEF900FCEBB2 /* Inter-Black.ttf */ = {isa = PBXFileReference; lastKnownFileType = file; name = "Inter-Black.ttf"; path = "../../../../../../Downloads/Inter/static/Inter-Black.ttf"; sourceTree = "<group>"; };
		2AF7A54C2B57AEF900FCEBB2 /* Inter-Regular.ttf */ = {isa = PBXFileReference; lastKnownFileType = file; name = "Inter-Regular.ttf"; path = "../../../../../../Downloads/Inter/static/Inter-Regular.ttf"; sourceTree = "<group>"; };
		2AF7A54D2B57AEFA00FCEBB2 /* Inter-Medium.ttf */ = {isa = PBXFileReference; lastKnownFileType = file; name = "Inter-Medium.ttf"; path = "../../../../../../Downloads/Inter/static/Inter-Medium.ttf"; sourceTree = "<group>"; };
		2AF7A54E2B57AEFA00FCEBB2 /* Inter-Light.ttf */ = {isa = PBXFileReference; lastKnownFileType = file; name = "Inter-Light.ttf"; path = "../../../../../../Downloads/Inter/static/Inter-Light.ttf"; sourceTree = "<group>"; };
		2AF7A54F2B57AEFA00FCEBB2 /* Inter-SemiBold.ttf */ = {isa = PBXFileReference; lastKnownFileType = file; name = "Inter-SemiBold.ttf"; path = "../../../../../../Downloads/Inter/static/Inter-SemiBold.ttf"; sourceTree = "<group>"; };
		2AF7A5512B57AEFA00FCEBB2 /* Inter-UltraLight.ttf */ = {isa = PBXFileReference; lastKnownFileType = file; name = "Inter-UltraLight.ttf"; path = "../../../../../../Downloads/Inter/static/Inter-UltraLight.ttf"; sourceTree = "<group>"; };
/* End PBXFileReference section */

/* Begin PBXFrameworksBuildPhase section */
		2A26D1CF2B2B16E800F68A9E /* Frameworks */ = {
			isa = PBXFrameworksBuildPhase;
			buildActionMask = 2147483647;
			files = (
				2A9CA5E42B861E0500827C80 /* PlaybookFeature in Frameworks */,
				2A9CA5E22B861E0500827C80 /* OnboardingFeature in Frameworks */,
				2A9CA5E62B861E0500827C80 /* SignInFeature in Frameworks */,
				2A9CA5E82B861E0500827C80 /* SignUpFeature in Frameworks */,
			);
			runOnlyForDeploymentPostprocessing = 0;
		};
		2A2E9C342B62903900C0D174 /* Frameworks */ = {
			isa = PBXFrameworksBuildPhase;
			buildActionMask = 2147483647;
			files = (
				2A2E9C4F2B62911800C0D174 /* PlaybookFeature in Frameworks */,
			);
			runOnlyForDeploymentPostprocessing = 0;
		};
		2A3E090E2B34582400B3C2CD /* Frameworks */ = {
			isa = PBXFrameworksBuildPhase;
			buildActionMask = 2147483647;
			files = (
				2A3E09202B345AEC00B3C2CD /* SignUpFeature in Frameworks */,
			);
			runOnlyForDeploymentPostprocessing = 0;
		};
		2A9CA5BD2B84E59D00827C80 /* Frameworks */ = {
			isa = PBXFrameworksBuildPhase;
			buildActionMask = 2147483647;
			files = (
				2A9CA5CF2B84E5B500827C80 /* OnboardingFeature in Frameworks */,
			);
			runOnlyForDeploymentPostprocessing = 0;
		};
		2AC3D4302B3477E600EF8777 /* Frameworks */ = {
			isa = PBXFrameworksBuildPhase;
			buildActionMask = 2147483647;
			files = (
				2AC3D4462B4D21C300EF8777 /* SignInFeature in Frameworks */,
			);
			runOnlyForDeploymentPostprocessing = 0;
		};
		2AC510432B7C9F270030B196 /* Frameworks */ = {
			isa = PBXFrameworksBuildPhase;
			buildActionMask = 2147483647;
			files = (
				2A9CA5D32B86018F00827C80 /* TestUtils in Frameworks */,
			);
			runOnlyForDeploymentPostprocessing = 0;
		};
/* End PBXFrameworksBuildPhase section */

/* Begin PBXGroup section */
		2A26D1C92B2B16E800F68A9E = {
			isa = PBXGroup;
			children = (
				2A26D1D42B2B16E800F68A9E /* DynamicStylingPOC */,
				2A3E09122B34582400B3C2CD /* DemoApp-SignUpFeature */,
				2AC3D4342B3477E600EF8777 /* DemoApp-SignInFeature */,
				2A9CA5C12B84E59D00827C80 /* DemoApp-Onboarding */,
				2A2E9C382B62903900C0D174 /* PlaybookApp */,
				2AC510472B7C9F270030B196 /* DynamicStylingPOCTests */,
				2A26D1D32B2B16E800F68A9E /* Products */,
				2A26D2052B2B295300F68A9E /* Frameworks */,
			);
			sourceTree = "<group>";
		};
		2A26D1D32B2B16E800F68A9E /* Products */ = {
			isa = PBXGroup;
			children = (
				2A26D1D22B2B16E800F68A9E /* DynamicStylingPOC.app */,
				2A3E09112B34582400B3C2CD /* DemoApp-SignUpFeature.app */,
				2AC3D4332B3477E600EF8777 /* DemoApp-SignInFeature.app */,
				2A2E9C372B62903900C0D174 /* PlaybookApp.app */,
				2AC510462B7C9F270030B196 /* DynamicStylingPOCTests.xctest */,
				2A9CA5C02B84E59D00827C80 /* DemoApp-Onboarding.app */,
			);
			name = Products;
			sourceTree = "<group>";
		};
		2A26D1D42B2B16E800F68A9E /* DynamicStylingPOC */ = {
			isa = PBXGroup;
			children = (
				2A3FAD4A2B304AAD0016163B /* Preview Resources */,
				2A3FAD2B2B2C91330016163B /* Resources */,
				2A26D20B2B2B381500F68A9E /* Code */,
			);
			path = DynamicStylingPOC;
			sourceTree = "<group>";
		};
		2A26D2052B2B295300F68A9E /* Frameworks */ = {
			isa = PBXGroup;
			children = (
			);
			name = Frameworks;
			sourceTree = "<group>";
		};
		2A26D20B2B2B381500F68A9E /* Code */ = {
			isa = PBXGroup;
			children = (
				2A9CA5D42B861BAD00827C80 /* Main Flow */,
				2A3FAD332B3026A30016163B /* UI */,
				2A3FAD292B2C8C370016163B /* DI */,
				2A9CA5DD2B861BC400827C80 /* Preview Mocks */,
				2A3FAD312B301E830016163B /* AppDelegate.swift */,
				2A41C4342B63E3E00066FC37 /* main.swift */,
			);
			path = Code;
			sourceTree = "<group>";
		};
		2A2E9C382B62903900C0D174 /* PlaybookApp */ = {
			isa = PBXGroup;
			children = (
				2AB919212B63880200AF285A /* Info.plist */,
				2A2E9C392B62903900C0D174 /* PlaybookApp.swift */,
				2AC510562B7CDB0C0030B196 /* Playbook */,
				2AC510572B7CDB170030B196 /* Settings */,
				2A2E9C3D2B62903A00C0D174 /* Assets.xcassets */,
			);
			path = PlaybookApp;
			sourceTree = "<group>";
		};
		2A3E09122B34582400B3C2CD /* DemoApp-SignUpFeature */ = {
			isa = PBXGroup;
			children = (
				2AB9191F2B6387FC00AF285A /* Info.plist */,
				2A3E09132B34582400B3C2CD /* SignUpFeatureDemoApp.swift */,
				2AC3D4502B4FCF1E00EF8777 /* CustomSignUpFlowViewFactory.swift */,
				2A3E09172B34582700B3C2CD /* Assets.xcassets */,
			);
			path = "DemoApp-SignUpFeature";
			sourceTree = "<group>";
		};
		2A3FAD292B2C8C370016163B /* DI */ = {
			isa = PBXGroup;
			children = (
				2A3FAD272B2C8C190016163B /* DependenciesInitializer.swift */,
			);
			path = DI;
			sourceTree = "<group>";
		};
		2A3FAD2B2B2C91330016163B /* Resources */ = {
			isa = PBXGroup;
			children = (
				2AF7A5482B57AE0B00FCEBB2 /* Fonts */,
				2AC3D4432B35AE4200EF8777 /* Colors.xcassets */,
				2A3FAD2C2B2C91410016163B /* Assets.xcassets */,
				2A3FAD2D2B2C91410016163B /* Info.plist */,
			);
			path = Resources;
			sourceTree = "<group>";
		};
		2A3FAD332B3026A30016163B /* UI */ = {
			isa = PBXGroup;
			children = (
				2A3FAD632B3194E90016163B /* RootNavigationController.swift */,
				2AC3D4412B35ADDE00EF8777 /* DesignSystemExtensions.swift */,
				2AC3D44D2B4EB56A00EF8777 /* Coordinator Factories */,
			);
			path = UI;
			sourceTree = "<group>";
		};
		2A3FAD4A2B304AAD0016163B /* Preview Resources */ = {
			isa = PBXGroup;
			children = (
			);
			path = "Preview Resources";
			sourceTree = "<group>";
		};
		2A9CA5C12B84E59D00827C80 /* DemoApp-Onboarding */ = {
			isa = PBXGroup;
			children = (
				2A9CA5C22B84E59D00827C80 /* OnboardingDemoApp.swift */,
				2A9CA5C62B84E59F00827C80 /* Assets.xcassets */,
			);
			path = "DemoApp-Onboarding";
			sourceTree = "<group>";
		};
		2A9CA5D42B861BAD00827C80 /* Main Flow */ = {
			isa = PBXGroup;
			children = (
				2A9CA5D52B861BAD00827C80 /* Coordinator Factory */,
				2A9CA5D72B861BAD00827C80 /* MainAppFlowCoordinator.swift */,
				2A9CA5D82B861BAD00827C80 /* View */,
				2A9CA5DB2B861BAD00827C80 /* View Factory */,
			);
			path = "Main Flow";
			sourceTree = "<group>";
		};
		2A9CA5D52B861BAD00827C80 /* Coordinator Factory */ = {
			isa = PBXGroup;
			children = (
				2A9CA5D62B861BAD00827C80 /* MainAppFlowCoordinatorFactory.swift */,
			);
			path = "Coordinator Factory";
			sourceTree = "<group>";
		};
		2A9CA5D82B861BAD00827C80 /* View */ = {
			isa = PBXGroup;
			children = (
				2A9CA5D92B861BAD00827C80 /* SplashScreenView.swift */,
				2A9CA5DA2B861BAD00827C80 /* SplashScreenViewModel.swift */,
			);
			path = View;
			sourceTree = "<group>";
		};
		2A9CA5DB2B861BAD00827C80 /* View Factory */ = {
			isa = PBXGroup;
			children = (
				2AC3D4472B4E74B600EF8777 /* CustomMainAppFlowViewFactory.swift */,
				2A9CA5DC2B861BAD00827C80 /* MainAppFlowViewFactory.swift */,
			);
			path = "View Factory";
			sourceTree = "<group>";
		};
		2A9CA5DD2B861BC400827C80 /* Preview Mocks */ = {
			isa = PBXGroup;
			children = (
				2A9CA5DE2B861BC400827C80 /* PreviewMocks.swift */,
			);
			path = "Preview Mocks";
			sourceTree = "<group>";
		};
		2AC3D4342B3477E600EF8777 /* DemoApp-SignInFeature */ = {
			isa = PBXGroup;
			children = (
				2AB919202B63880000AF285A /* Info.plist */,
				2AC3D4352B3477E600EF8777 /* SignInFeatureDemoApp.swift */,
				2AC3D44E2B4FCBCB00EF8777 /* CustomSignInFlowViewFactory.swift */,
				2AC3D4392B3477E800EF8777 /* Assets.xcassets */,
			);
			path = "DemoApp-SignInFeature";
			sourceTree = "<group>";
		};
		2AC3D44D2B4EB56A00EF8777 /* Coordinator Factories */ = {
			isa = PBXGroup;
			children = (
				2AC3D44B2B4EB55F00EF8777 /* CustomMainAppFlowCoordinatorFactory.swift */,
			);
			path = "Coordinator Factories";
			sourceTree = "<group>";
		};
		2AC510472B7C9F270030B196 /* DynamicStylingPOCTests */ = {
			isa = PBXGroup;
			children = (
				2A9CA5DF2B861C2900827C80 /* MainAppFlowCoordinatorTests.swift */,
				2AC5104F2B7CA3960030B196 /* CustomMainAppFlowViewFactoryTests.swift */,
			);
			path = DynamicStylingPOCTests;
			sourceTree = "<group>";
		};
		2AC510562B7CDB0C0030B196 /* Playbook */ = {
			isa = PBXGroup;
			children = (
				2A2E9C502B62998600C0D174 /* PlaybookView.swift */,
				2AC5106E2B7F57AC0030B196 /* PlaybookViewModel.swift */,
			);
			path = Playbook;
			sourceTree = "<group>";
		};
		2AC510572B7CDB170030B196 /* Settings */ = {
			isa = PBXGroup;
			children = (
				2AC510672B7DF1E30030B196 /* Generated */,
				2AC510582B7CDB330030B196 /* BetaSettings.swift */,
				2AC5105A2B7CE0A70030B196 /* BetaSettingsView.swift */,
			);
			path = Settings;
			sourceTree = "<group>";
		};
		2AC510672B7DF1E30030B196 /* Generated */ = {
			isa = PBXGroup;
			children = (
				2AC510682B7DF1F50030B196 /* AutomaticSettings.generated.swift */,
			);
			path = Generated;
			sourceTree = "<group>";
		};
		2AF7A5482B57AE0B00FCEBB2 /* Fonts */ = {
			isa = PBXGroup;
			children = (
				2AF7A54B2B57AEF900FCEBB2 /* Inter-Black.ttf */,
				2AF7A54A2B57AEF900FCEBB2 /* Inter-Bold.ttf */,
				2AF7A54E2B57AEFA00FCEBB2 /* Inter-Light.ttf */,
				2AF7A54D2B57AEFA00FCEBB2 /* Inter-Medium.ttf */,
				2AF7A54C2B57AEF900FCEBB2 /* Inter-Regular.ttf */,
				2AF7A54F2B57AEFA00FCEBB2 /* Inter-SemiBold.ttf */,
				2AF7A5492B57AEF900FCEBB2 /* Inter-Thin.ttf */,
				2AF7A5512B57AEFA00FCEBB2 /* Inter-UltraLight.ttf */,
			);
			path = Fonts;
			sourceTree = "<group>";
		};
/* End PBXGroup section */

/* Begin PBXNativeTarget section */
		2A26D1D12B2B16E800F68A9E /* DynamicStylingPOC */ = {
			isa = PBXNativeTarget;
			buildConfigurationList = 2A26D1F62B2B16EA00F68A9E /* Build configuration list for PBXNativeTarget "DynamicStylingPOC" */;
			buildPhases = (
				2A26D1CE2B2B16E800F68A9E /* Sources */,
				2A26D1CF2B2B16E800F68A9E /* Frameworks */,
				2A26D1D02B2B16E800F68A9E /* Resources */,
			);
			buildRules = (
			);
			dependencies = (
			);
			name = DynamicStylingPOC;
			packageProductDependencies = (
				2A9CA5E12B861E0500827C80 /* OnboardingFeature */,
				2A9CA5E32B861E0500827C80 /* PlaybookFeature */,
				2A9CA5E52B861E0500827C80 /* SignInFeature */,
				2A9CA5E72B861E0500827C80 /* SignUpFeature */,
			);
			productName = DynamicStylingPOC;
			productReference = 2A26D1D22B2B16E800F68A9E /* DynamicStylingPOC.app */;
			productType = "com.apple.product-type.application";
		};
		2A2E9C362B62903900C0D174 /* PlaybookApp */ = {
			isa = PBXNativeTarget;
			buildConfigurationList = 2A2E9C422B62903A00C0D174 /* Build configuration list for PBXNativeTarget "PlaybookApp" */;
			buildPhases = (
				2A2E9C332B62903900C0D174 /* Sources */,
				2A2E9C342B62903900C0D174 /* Frameworks */,
				2A2E9C352B62903900C0D174 /* Resources */,
			);
			buildRules = (
			);
			dependencies = (
			);
			name = PlaybookApp;
			packageProductDependencies = (
				2A2E9C4E2B62911800C0D174 /* PlaybookFeature */,
			);
			productName = PlaybookApp;
			productReference = 2A2E9C372B62903900C0D174 /* PlaybookApp.app */;
			productType = "com.apple.product-type.application";
		};
		2A3E09102B34582400B3C2CD /* DemoApp-SignUpFeature */ = {
			isa = PBXNativeTarget;
			buildConfigurationList = 2A3E091C2B34582700B3C2CD /* Build configuration list for PBXNativeTarget "DemoApp-SignUpFeature" */;
			buildPhases = (
				2A3E090D2B34582400B3C2CD /* Sources */,
				2A3E090E2B34582400B3C2CD /* Frameworks */,
				2A3E090F2B34582400B3C2CD /* Resources */,
			);
			buildRules = (
			);
			dependencies = (
			);
			name = "DemoApp-SignUpFeature";
			packageProductDependencies = (
				2A3E091F2B345AEC00B3C2CD /* SignUpFeature */,
			);
			productName = SignUpFeatureDemoApp;
			productReference = 2A3E09112B34582400B3C2CD /* DemoApp-SignUpFeature.app */;
			productType = "com.apple.product-type.application";
		};
		2A9CA5BF2B84E59D00827C80 /* DemoApp-Onboarding */ = {
			isa = PBXNativeTarget;
			buildConfigurationList = 2A9CA5CB2B84E59F00827C80 /* Build configuration list for PBXNativeTarget "DemoApp-Onboarding" */;
			buildPhases = (
				2A9CA5BC2B84E59D00827C80 /* Sources */,
				2A9CA5BD2B84E59D00827C80 /* Frameworks */,
				2A9CA5BE2B84E59D00827C80 /* Resources */,
			);
			buildRules = (
			);
			dependencies = (
			);
			name = "DemoApp-Onboarding";
			packageProductDependencies = (
				2A9CA5CE2B84E5B500827C80 /* OnboardingFeature */,
			);
			productName = "DemoApp-Onboarding";
			productReference = 2A9CA5C02B84E59D00827C80 /* DemoApp-Onboarding.app */;
			productType = "com.apple.product-type.application";
		};
		2AC3D4322B3477E600EF8777 /* DemoApp-SignInFeature */ = {
			isa = PBXNativeTarget;
			buildConfigurationList = 2AC3D4402B3477E800EF8777 /* Build configuration list for PBXNativeTarget "DemoApp-SignInFeature" */;
			buildPhases = (
				2AC3D42F2B3477E600EF8777 /* Sources */,
				2AC3D4302B3477E600EF8777 /* Frameworks */,
				2AC3D4312B3477E600EF8777 /* Resources */,
			);
			buildRules = (
			);
			dependencies = (
			);
			name = "DemoApp-SignInFeature";
			packageProductDependencies = (
				2AC3D4452B4D21C300EF8777 /* SignInFeature */,
			);
			productName = "DemoApp-SignInFeature";
			productReference = 2AC3D4332B3477E600EF8777 /* DemoApp-SignInFeature.app */;
			productType = "com.apple.product-type.application";
		};
		2AC510452B7C9F270030B196 /* DynamicStylingPOCTests */ = {
			isa = PBXNativeTarget;
			buildConfigurationList = 2AC5104C2B7C9F270030B196 /* Build configuration list for PBXNativeTarget "DynamicStylingPOCTests" */;
			buildPhases = (
				2AC510422B7C9F270030B196 /* Sources */,
				2AC510432B7C9F270030B196 /* Frameworks */,
				2AC510442B7C9F270030B196 /* Resources */,
			);
			buildRules = (
			);
			dependencies = (
				2AC5104B2B7C9F270030B196 /* PBXTargetDependency */,
			);
			name = DynamicStylingPOCTests;
			packageProductDependencies = (
				2A9CA5D22B86018F00827C80 /* TestUtils */,
			);
			productName = DynamicStylingPOCTests;
			productReference = 2AC510462B7C9F270030B196 /* DynamicStylingPOCTests.xctest */;
			productType = "com.apple.product-type.bundle.unit-test";
		};
/* End PBXNativeTarget section */

/* Begin PBXProject section */
		2A26D1CA2B2B16E800F68A9E /* Project object */ = {
			isa = PBXProject;
			attributes = {
				BuildIndependentTargetsInParallel = 1;
				LastSwiftUpdateCheck = 1520;
				LastUpgradeCheck = 1510;
				TargetAttributes = {
					2A26D1D12B2B16E800F68A9E = {
						CreatedOnToolsVersion = 15.1;
					};
					2A2E9C362B62903900C0D174 = {
						CreatedOnToolsVersion = 15.2;
					};
					2A3E09102B34582400B3C2CD = {
						CreatedOnToolsVersion = 15.1;
					};
					2A9CA5BF2B84E59D00827C80 = {
						CreatedOnToolsVersion = 15.2;
					};
					2AC3D4322B3477E600EF8777 = {
						CreatedOnToolsVersion = 15.1;
					};
					2AC510452B7C9F270030B196 = {
						CreatedOnToolsVersion = 15.2;
						TestTargetID = 2A26D1D12B2B16E800F68A9E;
					};
				};
			};
			buildConfigurationList = 2A26D1CD2B2B16E800F68A9E /* Build configuration list for PBXProject "DynamicStylingPOC" */;
			compatibilityVersion = "Xcode 14.0";
			developmentRegion = en;
			hasScannedForEncodings = 0;
			knownRegions = (
				en,
				Base,
			);
			mainGroup = 2A26D1C92B2B16E800F68A9E;
			packageReferences = (
			);
			productRefGroup = 2A26D1D32B2B16E800F68A9E /* Products */;
			projectDirPath = "";
			projectRoot = "";
			targets = (
				2A26D1D12B2B16E800F68A9E /* DynamicStylingPOC */,
				2A3E09102B34582400B3C2CD /* DemoApp-SignUpFeature */,
				2AC3D4322B3477E600EF8777 /* DemoApp-SignInFeature */,
				2A9CA5BF2B84E59D00827C80 /* DemoApp-Onboarding */,
				2A2E9C362B62903900C0D174 /* PlaybookApp */,
				2AC510452B7C9F270030B196 /* DynamicStylingPOCTests */,
			);
		};
/* End PBXProject section */

/* Begin PBXResourcesBuildPhase section */
		2A26D1D02B2B16E800F68A9E /* Resources */ = {
			isa = PBXResourcesBuildPhase;
			buildActionMask = 2147483647;
			files = (
				2A3FAD302B2C92A30016163B /* Assets.xcassets in Resources */,
				2AC3D4442B35B04B00EF8777 /* Colors.xcassets in Resources */,
				2AF7A5612B57AEFA00FCEBB2 /* Inter-Light.ttf in Resources */,
				2AF7A5642B57AEFA00FCEBB2 /* Inter-SemiBold.ttf in Resources */,
				2AF7A5582B57AEFA00FCEBB2 /* Inter-Black.ttf in Resources */,
				2AF7A5552B57AEFA00FCEBB2 /* Inter-Bold.ttf in Resources */,
				2AF7A55E2B57AEFA00FCEBB2 /* Inter-Medium.ttf in Resources */,
				2AF7A55B2B57AEFA00FCEBB2 /* Inter-Regular.ttf in Resources */,
				2AF7A56A2B57AEFA00FCEBB2 /* Inter-UltraLight.ttf in Resources */,
				2AF7A5522B57AEFA00FCEBB2 /* Inter-Thin.ttf in Resources */,
			);
			runOnlyForDeploymentPostprocessing = 0;
		};
		2A2E9C352B62903900C0D174 /* Resources */ = {
			isa = PBXResourcesBuildPhase;
			buildActionMask = 2147483647;
			files = (
				2A2E9C452B6290F000C0D174 /* Inter-Black.ttf in Resources */,
				2A2E9C462B6290F000C0D174 /* Inter-Bold.ttf in Resources */,
				2A2E9C472B6290F000C0D174 /* Inter-Light.ttf in Resources */,
				2A2E9C482B6290F000C0D174 /* Inter-Medium.ttf in Resources */,
				2A2E9C492B6290F000C0D174 /* Inter-Regular.ttf in Resources */,
				2A2E9C4A2B6290F000C0D174 /* Inter-SemiBold.ttf in Resources */,
				2A2E9C4B2B6290F000C0D174 /* Inter-Thin.ttf in Resources */,
				2A2E9C4C2B6290F000C0D174 /* Inter-UltraLight.ttf in Resources */,
				2A2E9C4D2B62910D00C0D174 /* Colors.xcassets in Resources */,
				2A2E9C3E2B62903A00C0D174 /* Assets.xcassets in Resources */,
			);
			runOnlyForDeploymentPostprocessing = 0;
		};
		2A3E090F2B34582400B3C2CD /* Resources */ = {
			isa = PBXResourcesBuildPhase;
			buildActionMask = 2147483647;
			files = (
				2AF7A5562B57AEFA00FCEBB2 /* Inter-Bold.ttf in Resources */,
				2AF7A56B2B57AEFA00FCEBB2 /* Inter-UltraLight.ttf in Resources */,
				2AF7A55C2B57AEFA00FCEBB2 /* Inter-Regular.ttf in Resources */,
				2AF7A55F2B57AEFA00FCEBB2 /* Inter-Medium.ttf in Resources */,
				2AF7A5532B57AEFA00FCEBB2 /* Inter-Thin.ttf in Resources */,
				2AF7A5652B57AEFA00FCEBB2 /* Inter-SemiBold.ttf in Resources */,
				2AF7A5592B57AEFA00FCEBB2 /* Inter-Black.ttf in Resources */,
				2AF7A5622B57AEFA00FCEBB2 /* Inter-Light.ttf in Resources */,
				2A3E09182B34582700B3C2CD /* Assets.xcassets in Resources */,
				2A2E9C312B62803900C0D174 /* Colors.xcassets in Resources */,
			);
			runOnlyForDeploymentPostprocessing = 0;
		};
		2A9CA5BE2B84E59D00827C80 /* Resources */ = {
			isa = PBXResourcesBuildPhase;
			buildActionMask = 2147483647;
			files = (
				2A9CA5C72B84E59F00827C80 /* Assets.xcassets in Resources */,
				2A9CA5D12B84E6A100827C80 /* Colors.xcassets in Resources */,
			);
			runOnlyForDeploymentPostprocessing = 0;
		};
		2AC3D4312B3477E600EF8777 /* Resources */ = {
			isa = PBXResourcesBuildPhase;
			buildActionMask = 2147483647;
			files = (
				2AF7A5572B57AEFA00FCEBB2 /* Inter-Bold.ttf in Resources */,
				2AF7A56C2B57AEFA00FCEBB2 /* Inter-UltraLight.ttf in Resources */,
				2AF7A55D2B57AEFA00FCEBB2 /* Inter-Regular.ttf in Resources */,
				2AF7A5602B57AEFA00FCEBB2 /* Inter-Medium.ttf in Resources */,
				2AF7A5542B57AEFA00FCEBB2 /* Inter-Thin.ttf in Resources */,
				2AF7A5662B57AEFA00FCEBB2 /* Inter-SemiBold.ttf in Resources */,
				2AF7A55A2B57AEFA00FCEBB2 /* Inter-Black.ttf in Resources */,
				2AF7A5632B57AEFA00FCEBB2 /* Inter-Light.ttf in Resources */,
				2AC3D43A2B3477E800EF8777 /* Assets.xcassets in Resources */,
				2A2E9C322B62807800C0D174 /* Colors.xcassets in Resources */,
			);
			runOnlyForDeploymentPostprocessing = 0;
		};
		2AC510442B7C9F270030B196 /* Resources */ = {
			isa = PBXResourcesBuildPhase;
			buildActionMask = 2147483647;
			files = (
			);
			runOnlyForDeploymentPostprocessing = 0;
		};
/* End PBXResourcesBuildPhase section */

/* Begin PBXSourcesBuildPhase section */
		2A26D1CE2B2B16E800F68A9E /* Sources */ = {
			isa = PBXSourcesBuildPhase;
			buildActionMask = 2147483647;
			files = (
				2A9CA5EE2B86208A00827C80 /* PreviewMocks.swift in Sources */,
				2A9CA5EA2B861FB500827C80 /* MainAppFlowCoordinatorFactory.swift in Sources */,
				2A3FAD322B301E830016163B /* AppDelegate.swift in Sources */,
				2A9CA5E92B861FB200827C80 /* MainAppFlowCoordinator.swift in Sources */,
				2A41C4352B63E3E00066FC37 /* main.swift in Sources */,
				2A3FAD642B3194E90016163B /* RootNavigationController.swift in Sources */,
				2AC3D4422B35ADDE00EF8777 /* DesignSystemExtensions.swift in Sources */,
				2AC3D44C2B4EB55F00EF8777 /* CustomMainAppFlowCoordinatorFactory.swift in Sources */,
				2A9CA5EB2B861FBD00827C80 /* SplashScreenView.swift in Sources */,
				2A9CA5ED2B861FC000827C80 /* MainAppFlowViewFactory.swift in Sources */,
				2AC3D4482B4E74B600EF8777 /* CustomMainAppFlowViewFactory.swift in Sources */,
				2A3FAD282B2C8C270016163B /* DependenciesInitializer.swift in Sources */,
				2A9CA5EC2B861FBD00827C80 /* SplashScreenViewModel.swift in Sources */,
			);
			runOnlyForDeploymentPostprocessing = 0;
		};
		2A2E9C332B62903900C0D174 /* Sources */ = {
			isa = PBXSourcesBuildPhase;
			buildActionMask = 2147483647;
			files = (
				2AC510692B7DF1F50030B196 /* AutomaticSettings.generated.swift in Sources */,
				2A2E9C3A2B62903900C0D174 /* PlaybookApp.swift in Sources */,
				2A41C4332B63A3580066FC37 /* DesignSystemExtensions.swift in Sources */,
				2AC510592B7CDB330030B196 /* BetaSettings.swift in Sources */,
				2A2E9C512B62998600C0D174 /* PlaybookView.swift in Sources */,
				2AC5105B2B7CE0A70030B196 /* BetaSettingsView.swift in Sources */,
				2AC5106F2B7F57AC0030B196 /* PlaybookViewModel.swift in Sources */,
			);
			runOnlyForDeploymentPostprocessing = 0;
		};
		2A3E090D2B34582400B3C2CD /* Sources */ = {
			isa = PBXSourcesBuildPhase;
			buildActionMask = 2147483647;
			files = (
				2A41C4312B63A3570066FC37 /* DesignSystemExtensions.swift in Sources */,
				2AC3D4512B4FCF1E00EF8777 /* CustomSignUpFlowViewFactory.swift in Sources */,
				2A3E09142B34582400B3C2CD /* SignUpFeatureDemoApp.swift in Sources */,
			);
			runOnlyForDeploymentPostprocessing = 0;
		};
		2A9CA5BC2B84E59D00827C80 /* Sources */ = {
			isa = PBXSourcesBuildPhase;
			buildActionMask = 2147483647;
			files = (
				2A9CA5D02B84E69500827C80 /* DesignSystemExtensions.swift in Sources */,
				2A9CA5C32B84E59D00827C80 /* OnboardingDemoApp.swift in Sources */,
			);
			runOnlyForDeploymentPostprocessing = 0;
		};
		2AC3D42F2B3477E600EF8777 /* Sources */ = {
			isa = PBXSourcesBuildPhase;
			buildActionMask = 2147483647;
			files = (
				2A41C4322B63A3580066FC37 /* DesignSystemExtensions.swift in Sources */,
				2AC3D44F2B4FCBCC00EF8777 /* CustomSignInFlowViewFactory.swift in Sources */,
				2AC3D4362B3477E600EF8777 /* SignInFeatureDemoApp.swift in Sources */,
			);
			runOnlyForDeploymentPostprocessing = 0;
		};
		2AC510422B7C9F270030B196 /* Sources */ = {
			isa = PBXSourcesBuildPhase;
			buildActionMask = 2147483647;
			files = (
				2AC510502B7CA3960030B196 /* CustomMainAppFlowViewFactoryTests.swift in Sources */,
				2A9CA5E02B861C2900827C80 /* MainAppFlowCoordinatorTests.swift in Sources */,
			);
			runOnlyForDeploymentPostprocessing = 0;
		};
/* End PBXSourcesBuildPhase section */

/* Begin PBXTargetDependency section */
		2AC5104B2B7C9F270030B196 /* PBXTargetDependency */ = {
			isa = PBXTargetDependency;
			target = 2A26D1D12B2B16E800F68A9E /* DynamicStylingPOC */;
			targetProxy = 2AC5104A2B7C9F270030B196 /* PBXContainerItemProxy */;
		};
/* End PBXTargetDependency section */

/* Begin XCBuildConfiguration section */
		2A26D1F42B2B16EA00F68A9E /* Debug */ = {
			isa = XCBuildConfiguration;
			buildSettings = {
				ALWAYS_SEARCH_USER_PATHS = NO;
				ASSETCATALOG_COMPILER_GENERATE_SWIFT_ASSET_SYMBOL_EXTENSIONS = YES;
				CLANG_ANALYZER_NONNULL = YES;
				CLANG_ANALYZER_NUMBER_OBJECT_CONVERSION = YES_AGGRESSIVE;
				CLANG_CXX_LANGUAGE_STANDARD = "gnu++20";
				CLANG_ENABLE_MODULES = YES;
				CLANG_ENABLE_OBJC_ARC = YES;
				CLANG_ENABLE_OBJC_WEAK = YES;
				CLANG_WARN_BLOCK_CAPTURE_AUTORELEASING = YES;
				CLANG_WARN_BOOL_CONVERSION = YES;
				CLANG_WARN_COMMA = YES;
				CLANG_WARN_CONSTANT_CONVERSION = YES;
				CLANG_WARN_DEPRECATED_OBJC_IMPLEMENTATIONS = YES;
				CLANG_WARN_DIRECT_OBJC_ISA_USAGE = YES_ERROR;
				CLANG_WARN_DOCUMENTATION_COMMENTS = YES;
				CLANG_WARN_EMPTY_BODY = YES;
				CLANG_WARN_ENUM_CONVERSION = YES;
				CLANG_WARN_INFINITE_RECURSION = YES;
				CLANG_WARN_INT_CONVERSION = YES;
				CLANG_WARN_NON_LITERAL_NULL_CONVERSION = YES;
				CLANG_WARN_OBJC_IMPLICIT_RETAIN_SELF = YES;
				CLANG_WARN_OBJC_LITERAL_CONVERSION = YES;
				CLANG_WARN_OBJC_ROOT_CLASS = YES_ERROR;
				CLANG_WARN_QUOTED_INCLUDE_IN_FRAMEWORK_HEADER = YES;
				CLANG_WARN_RANGE_LOOP_ANALYSIS = YES;
				CLANG_WARN_STRICT_PROTOTYPES = YES;
				CLANG_WARN_SUSPICIOUS_MOVE = YES;
				CLANG_WARN_UNGUARDED_AVAILABILITY = YES_AGGRESSIVE;
				CLANG_WARN_UNREACHABLE_CODE = YES;
				CLANG_WARN__DUPLICATE_METHOD_MATCH = YES;
				COPY_PHASE_STRIP = NO;
				DEBUG_INFORMATION_FORMAT = dwarf;
				ENABLE_STRICT_OBJC_MSGSEND = YES;
				ENABLE_TESTABILITY = YES;
				ENABLE_USER_SCRIPT_SANDBOXING = YES;
				GCC_C_LANGUAGE_STANDARD = gnu17;
				GCC_DYNAMIC_NO_PIC = NO;
				GCC_NO_COMMON_BLOCKS = YES;
				GCC_OPTIMIZATION_LEVEL = 0;
				GCC_PREPROCESSOR_DEFINITIONS = (
					"DEBUG=1",
					"$(inherited)",
				);
				GCC_WARN_64_TO_32_BIT_CONVERSION = YES;
				GCC_WARN_ABOUT_RETURN_TYPE = YES_ERROR;
				GCC_WARN_UNDECLARED_SELECTOR = YES;
				GCC_WARN_UNINITIALIZED_AUTOS = YES_AGGRESSIVE;
				GCC_WARN_UNUSED_FUNCTION = YES;
				GCC_WARN_UNUSED_VARIABLE = YES;
				IPHONEOS_DEPLOYMENT_TARGET = 17.2;
				LOCALIZATION_PREFERS_STRING_CATALOGS = YES;
				MTL_ENABLE_DEBUG_INFO = INCLUDE_SOURCE;
				MTL_FAST_MATH = YES;
				ONLY_ACTIVE_ARCH = YES;
				SDKROOT = iphoneos;
				SWIFT_ACTIVE_COMPILATION_CONDITIONS = "DEBUG $(inherited)";
				SWIFT_OPTIMIZATION_LEVEL = "-Onone";
			};
			name = Debug;
		};
		2A26D1F52B2B16EA00F68A9E /* Release */ = {
			isa = XCBuildConfiguration;
			buildSettings = {
				ALWAYS_SEARCH_USER_PATHS = NO;
				ASSETCATALOG_COMPILER_GENERATE_SWIFT_ASSET_SYMBOL_EXTENSIONS = YES;
				CLANG_ANALYZER_NONNULL = YES;
				CLANG_ANALYZER_NUMBER_OBJECT_CONVERSION = YES_AGGRESSIVE;
				CLANG_CXX_LANGUAGE_STANDARD = "gnu++20";
				CLANG_ENABLE_MODULES = YES;
				CLANG_ENABLE_OBJC_ARC = YES;
				CLANG_ENABLE_OBJC_WEAK = YES;
				CLANG_WARN_BLOCK_CAPTURE_AUTORELEASING = YES;
				CLANG_WARN_BOOL_CONVERSION = YES;
				CLANG_WARN_COMMA = YES;
				CLANG_WARN_CONSTANT_CONVERSION = YES;
				CLANG_WARN_DEPRECATED_OBJC_IMPLEMENTATIONS = YES;
				CLANG_WARN_DIRECT_OBJC_ISA_USAGE = YES_ERROR;
				CLANG_WARN_DOCUMENTATION_COMMENTS = YES;
				CLANG_WARN_EMPTY_BODY = YES;
				CLANG_WARN_ENUM_CONVERSION = YES;
				CLANG_WARN_INFINITE_RECURSION = YES;
				CLANG_WARN_INT_CONVERSION = YES;
				CLANG_WARN_NON_LITERAL_NULL_CONVERSION = YES;
				CLANG_WARN_OBJC_IMPLICIT_RETAIN_SELF = YES;
				CLANG_WARN_OBJC_LITERAL_CONVERSION = YES;
				CLANG_WARN_OBJC_ROOT_CLASS = YES_ERROR;
				CLANG_WARN_QUOTED_INCLUDE_IN_FRAMEWORK_HEADER = YES;
				CLANG_WARN_RANGE_LOOP_ANALYSIS = YES;
				CLANG_WARN_STRICT_PROTOTYPES = YES;
				CLANG_WARN_SUSPICIOUS_MOVE = YES;
				CLANG_WARN_UNGUARDED_AVAILABILITY = YES_AGGRESSIVE;
				CLANG_WARN_UNREACHABLE_CODE = YES;
				CLANG_WARN__DUPLICATE_METHOD_MATCH = YES;
				COPY_PHASE_STRIP = NO;
				DEBUG_INFORMATION_FORMAT = "dwarf-with-dsym";
				ENABLE_NS_ASSERTIONS = NO;
				ENABLE_STRICT_OBJC_MSGSEND = YES;
				ENABLE_USER_SCRIPT_SANDBOXING = YES;
				GCC_C_LANGUAGE_STANDARD = gnu17;
				GCC_NO_COMMON_BLOCKS = YES;
				GCC_WARN_64_TO_32_BIT_CONVERSION = YES;
				GCC_WARN_ABOUT_RETURN_TYPE = YES_ERROR;
				GCC_WARN_UNDECLARED_SELECTOR = YES;
				GCC_WARN_UNINITIALIZED_AUTOS = YES_AGGRESSIVE;
				GCC_WARN_UNUSED_FUNCTION = YES;
				GCC_WARN_UNUSED_VARIABLE = YES;
				IPHONEOS_DEPLOYMENT_TARGET = 17.2;
				LOCALIZATION_PREFERS_STRING_CATALOGS = YES;
				MTL_ENABLE_DEBUG_INFO = NO;
				MTL_FAST_MATH = YES;
				SDKROOT = iphoneos;
				SWIFT_COMPILATION_MODE = wholemodule;
				VALIDATE_PRODUCT = YES;
			};
			name = Release;
		};
		2A26D1F72B2B16EA00F68A9E /* Debug */ = {
			isa = XCBuildConfiguration;
			buildSettings = {
				ASSETCATALOG_COMPILER_APPICON_NAME = AppIcon;
				ASSETCATALOG_COMPILER_GLOBAL_ACCENT_COLOR_NAME = AccentColor;
				CODE_SIGN_IDENTITY = "Apple Development";
				CODE_SIGN_STYLE = Automatic;
				CURRENT_PROJECT_VERSION = 1;
				DEVELOPMENT_ASSET_PATHS = "";
				DEVELOPMENT_TEAM = 663KXV4GKQ;
				ENABLE_PREVIEWS = YES;
				GCC_TREAT_WARNINGS_AS_ERRORS = NO;
				GENERATE_INFOPLIST_FILE = YES;
				INFOPLIST_FILE = DynamicStylingPOC/Resources/Info.plist;
				INFOPLIST_KEY_CFBundleDisplayName = "$(PRODUCT_NAME)";
				INFOPLIST_KEY_UILaunchScreen_Generation = YES;
				INFOPLIST_KEY_UISupportedInterfaceOrientations = UIInterfaceOrientationPortrait;
				INFOPLIST_OUTPUT_FORMAT = "same-as-input";
				IPHONEOS_DEPLOYMENT_TARGET = 17.0;
				LD_RUNPATH_SEARCH_PATHS = (
					"$(inherited)",
					"@executable_path/Frameworks",
				);
				MARKETING_VERSION = 1.0.0;
				OTHER_LDFLAGS = (
					"-Xlinker",
					"-interposable",
				);
				PRODUCT_BUNDLE_IDENTIFIER = com.whitehatgaming.DynamicStylingPOC;
				PRODUCT_NAME = "$(TARGET_NAME)";
				PROVISIONING_PROFILE_SPECIFIER = "";
				SUPPORTED_PLATFORMS = "iphoneos iphonesimulator";
				SUPPORTS_MACCATALYST = NO;
				SUPPORTS_MAC_DESIGNED_FOR_IPHONE_IPAD = NO;
				SUPPORTS_XR_DESIGNED_FOR_IPHONE_IPAD = NO;
				SWIFT_EMIT_LOC_STRINGS = YES;
				SWIFT_TREAT_WARNINGS_AS_ERRORS = YES;
				SWIFT_VERSION = 5.0;
				TARGETED_DEVICE_FAMILY = 1;
				VERSIONING_SYSTEM = "apple-generic";
			};
			name = Debug;
		};
		2A26D1F82B2B16EA00F68A9E /* Release */ = {
			isa = XCBuildConfiguration;
			buildSettings = {
				ASSETCATALOG_COMPILER_APPICON_NAME = AppIcon;
				ASSETCATALOG_COMPILER_GLOBAL_ACCENT_COLOR_NAME = AccentColor;
				CODE_SIGN_IDENTITY = "Apple Development";
				CODE_SIGN_STYLE = Automatic;
				CURRENT_PROJECT_VERSION = 1;
				DEVELOPMENT_ASSET_PATHS = "";
				DEVELOPMENT_TEAM = 663KXV4GKQ;
				ENABLE_PREVIEWS = YES;
				GCC_TREAT_WARNINGS_AS_ERRORS = NO;
				GENERATE_INFOPLIST_FILE = YES;
				INFOPLIST_FILE = DynamicStylingPOC/Resources/Info.plist;
				INFOPLIST_KEY_CFBundleDisplayName = "$(PRODUCT_NAME)";
				INFOPLIST_KEY_UILaunchScreen_Generation = YES;
				INFOPLIST_KEY_UISupportedInterfaceOrientations = UIInterfaceOrientationPortrait;
				INFOPLIST_OUTPUT_FORMAT = "same-as-input";
				IPHONEOS_DEPLOYMENT_TARGET = 17.0;
				LD_RUNPATH_SEARCH_PATHS = (
					"$(inherited)",
					"@executable_path/Frameworks",
				);
				MARKETING_VERSION = 1.0.0;
				PRODUCT_BUNDLE_IDENTIFIER = com.whitehatgaming.DynamicStylingPOC;
				PRODUCT_NAME = "$(TARGET_NAME)";
				PROVISIONING_PROFILE_SPECIFIER = "";
				SUPPORTED_PLATFORMS = "iphoneos iphonesimulator";
				SUPPORTS_MACCATALYST = NO;
				SUPPORTS_MAC_DESIGNED_FOR_IPHONE_IPAD = NO;
				SUPPORTS_XR_DESIGNED_FOR_IPHONE_IPAD = NO;
				SWIFT_EMIT_LOC_STRINGS = YES;
				SWIFT_TREAT_WARNINGS_AS_ERRORS = YES;
				SWIFT_VERSION = 5.0;
				TARGETED_DEVICE_FAMILY = 1;
				VERSIONING_SYSTEM = "apple-generic";
			};
			name = Release;
		};
		2A2E9C432B62903A00C0D174 /* Debug */ = {
			isa = XCBuildConfiguration;
			buildSettings = {
				ASSETCATALOG_COMPILER_APPICON_NAME = AppIcon;
				ASSETCATALOG_COMPILER_GLOBAL_ACCENT_COLOR_NAME = AccentColor;
				CODE_SIGN_STYLE = Automatic;
				CURRENT_PROJECT_VERSION = 1;
				DEVELOPMENT_ASSET_PATHS = "";
				DEVELOPMENT_TEAM = 663KXV4GKQ;
				ENABLE_PREVIEWS = YES;
				GENERATE_INFOPLIST_FILE = YES;
				INFOPLIST_FILE = PlaybookApp/Info.plist;
				INFOPLIST_KEY_UIApplicationSceneManifest_Generation = YES;
				INFOPLIST_KEY_UIApplicationSupportsIndirectInputEvents = YES;
				INFOPLIST_KEY_UILaunchScreen_Generation = YES;
				INFOPLIST_KEY_UISupportedInterfaceOrientations = "UIInterfaceOrientationLandscapeLeft UIInterfaceOrientationLandscapeRight UIInterfaceOrientationPortrait";
				INFOPLIST_KEY_UISupportedInterfaceOrientations_iPad = "UIInterfaceOrientationLandscapeLeft UIInterfaceOrientationLandscapeRight UIInterfaceOrientationPortrait UIInterfaceOrientationPortraitUpsideDown";
				IPHONEOS_DEPLOYMENT_TARGET = 17.0;
				LD_RUNPATH_SEARCH_PATHS = (
					"$(inherited)",
					"@executable_path/Frameworks",
				);
				MARKETING_VERSION = 1.0;
				OTHER_LDFLAGS = (
					"-Xlinker",
					"-interposable",
				);
				PRODUCT_BUNDLE_IDENTIFIER = com.whitehatgaming.PlaybookApp;
				PRODUCT_NAME = "$(TARGET_NAME)";
				SUPPORTED_PLATFORMS = "iphoneos iphonesimulator";
				SUPPORTS_MACCATALYST = NO;
				SUPPORTS_MAC_DESIGNED_FOR_IPHONE_IPAD = NO;
				SUPPORTS_XR_DESIGNED_FOR_IPHONE_IPAD = NO;
				SWIFT_EMIT_LOC_STRINGS = YES;
				SWIFT_VERSION = 5.0;
				TARGETED_DEVICE_FAMILY = 1;
			};
			name = Debug;
		};
		2A2E9C442B62903A00C0D174 /* Release */ = {
			isa = XCBuildConfiguration;
			buildSettings = {
				ASSETCATALOG_COMPILER_APPICON_NAME = AppIcon;
				ASSETCATALOG_COMPILER_GLOBAL_ACCENT_COLOR_NAME = AccentColor;
				CODE_SIGN_STYLE = Automatic;
				CURRENT_PROJECT_VERSION = 1;
				DEVELOPMENT_ASSET_PATHS = "";
				DEVELOPMENT_TEAM = 663KXV4GKQ;
				ENABLE_PREVIEWS = YES;
				GENERATE_INFOPLIST_FILE = YES;
				INFOPLIST_FILE = PlaybookApp/Info.plist;
				INFOPLIST_KEY_UIApplicationSceneManifest_Generation = YES;
				INFOPLIST_KEY_UIApplicationSupportsIndirectInputEvents = YES;
				INFOPLIST_KEY_UILaunchScreen_Generation = YES;
				INFOPLIST_KEY_UISupportedInterfaceOrientations = "UIInterfaceOrientationLandscapeLeft UIInterfaceOrientationLandscapeRight UIInterfaceOrientationPortrait";
				INFOPLIST_KEY_UISupportedInterfaceOrientations_iPad = "UIInterfaceOrientationLandscapeLeft UIInterfaceOrientationLandscapeRight UIInterfaceOrientationPortrait UIInterfaceOrientationPortraitUpsideDown";
				IPHONEOS_DEPLOYMENT_TARGET = 17.0;
				LD_RUNPATH_SEARCH_PATHS = (
					"$(inherited)",
					"@executable_path/Frameworks",
				);
				MARKETING_VERSION = 1.0;
				OTHER_LDFLAGS = "";
				PRODUCT_BUNDLE_IDENTIFIER = com.whitehatgaming.PlaybookApp;
				PRODUCT_NAME = "$(TARGET_NAME)";
				SUPPORTED_PLATFORMS = "iphoneos iphonesimulator";
				SUPPORTS_MACCATALYST = NO;
				SUPPORTS_MAC_DESIGNED_FOR_IPHONE_IPAD = NO;
				SUPPORTS_XR_DESIGNED_FOR_IPHONE_IPAD = NO;
				SWIFT_EMIT_LOC_STRINGS = YES;
				SWIFT_VERSION = 5.0;
				TARGETED_DEVICE_FAMILY = 1;
			};
			name = Release;
		};
		2A3E091D2B34582700B3C2CD /* Debug */ = {
			isa = XCBuildConfiguration;
			buildSettings = {
				ASSETCATALOG_COMPILER_APPICON_NAME = AppIcon;
				ASSETCATALOG_COMPILER_GLOBAL_ACCENT_COLOR_NAME = AccentColor;
				CODE_SIGN_STYLE = Automatic;
				CURRENT_PROJECT_VERSION = 1;
				DEVELOPMENT_TEAM = 663KXV4GKQ;
				ENABLE_PREVIEWS = YES;
				GENERATE_INFOPLIST_FILE = YES;
				INFOPLIST_FILE = "DemoApp-SignUpFeature/Info.plist";
				INFOPLIST_KEY_CFBundleDisplayName = DemoSignUp;
				INFOPLIST_KEY_UIApplicationSceneManifest_Generation = YES;
				INFOPLIST_KEY_UIApplicationSupportsIndirectInputEvents = YES;
				INFOPLIST_KEY_UILaunchScreen_Generation = YES;
				INFOPLIST_KEY_UISupportedInterfaceOrientations = UIInterfaceOrientationPortrait;
				INFOPLIST_KEY_UISupportedInterfaceOrientations_iPad = "UIInterfaceOrientationLandscapeLeft UIInterfaceOrientationLandscapeRight UIInterfaceOrientationPortrait UIInterfaceOrientationPortraitUpsideDown";
				IPHONEOS_DEPLOYMENT_TARGET = 17.0;
				LD_RUNPATH_SEARCH_PATHS = (
					"$(inherited)",
					"@executable_path/Frameworks",
				);
				MARKETING_VERSION = 1.0;
				PRODUCT_BUNDLE_IDENTIFIER = com.whitehatgaming.SignUpFeatureDemoApp;
				PRODUCT_NAME = "$(TARGET_NAME)";
				SUPPORTED_PLATFORMS = "iphoneos iphonesimulator";
				SUPPORTS_MACCATALYST = NO;
				SUPPORTS_MAC_DESIGNED_FOR_IPHONE_IPAD = NO;
				SUPPORTS_XR_DESIGNED_FOR_IPHONE_IPAD = NO;
				SWIFT_EMIT_LOC_STRINGS = YES;
				SWIFT_VERSION = 5.0;
				TARGETED_DEVICE_FAMILY = 1;
			};
			name = Debug;
		};
		2A3E091E2B34582700B3C2CD /* Release */ = {
			isa = XCBuildConfiguration;
			buildSettings = {
				ASSETCATALOG_COMPILER_APPICON_NAME = AppIcon;
				ASSETCATALOG_COMPILER_GLOBAL_ACCENT_COLOR_NAME = AccentColor;
				CODE_SIGN_STYLE = Automatic;
				CURRENT_PROJECT_VERSION = 1;
				DEVELOPMENT_TEAM = 663KXV4GKQ;
				ENABLE_PREVIEWS = YES;
				GENERATE_INFOPLIST_FILE = YES;
				INFOPLIST_FILE = "DemoApp-SignUpFeature/Info.plist";
				INFOPLIST_KEY_CFBundleDisplayName = DemoSignUp;
				INFOPLIST_KEY_UIApplicationSceneManifest_Generation = YES;
				INFOPLIST_KEY_UIApplicationSupportsIndirectInputEvents = YES;
				INFOPLIST_KEY_UILaunchScreen_Generation = YES;
				INFOPLIST_KEY_UISupportedInterfaceOrientations = UIInterfaceOrientationPortrait;
				INFOPLIST_KEY_UISupportedInterfaceOrientations_iPad = "UIInterfaceOrientationLandscapeLeft UIInterfaceOrientationLandscapeRight UIInterfaceOrientationPortrait UIInterfaceOrientationPortraitUpsideDown";
				IPHONEOS_DEPLOYMENT_TARGET = 17.0;
				LD_RUNPATH_SEARCH_PATHS = (
					"$(inherited)",
					"@executable_path/Frameworks",
				);
				MARKETING_VERSION = 1.0;
				PRODUCT_BUNDLE_IDENTIFIER = com.whitehatgaming.SignUpFeatureDemoApp;
				PRODUCT_NAME = "$(TARGET_NAME)";
				SUPPORTED_PLATFORMS = "iphoneos iphonesimulator";
				SUPPORTS_MACCATALYST = NO;
				SUPPORTS_MAC_DESIGNED_FOR_IPHONE_IPAD = NO;
				SUPPORTS_XR_DESIGNED_FOR_IPHONE_IPAD = NO;
				SWIFT_EMIT_LOC_STRINGS = YES;
				SWIFT_VERSION = 5.0;
				TARGETED_DEVICE_FAMILY = 1;
			};
			name = Release;
		};
		2A9CA5CC2B84E59F00827C80 /* Debug */ = {
			isa = XCBuildConfiguration;
			buildSettings = {
				ASSETCATALOG_COMPILER_APPICON_NAME = AppIcon;
				ASSETCATALOG_COMPILER_GLOBAL_ACCENT_COLOR_NAME = AccentColor;
				CODE_SIGN_STYLE = Automatic;
				CURRENT_PROJECT_VERSION = 1;
				DEVELOPMENT_ASSET_PATHS = "";
				DEVELOPMENT_TEAM = 663KXV4GKQ;
				ENABLE_PREVIEWS = YES;
				GENERATE_INFOPLIST_FILE = YES;
				INFOPLIST_KEY_UIApplicationSceneManifest_Generation = YES;
				INFOPLIST_KEY_UIApplicationSupportsIndirectInputEvents = YES;
				INFOPLIST_KEY_UILaunchScreen_Generation = YES;
				INFOPLIST_KEY_UISupportedInterfaceOrientations = UIInterfaceOrientationPortrait;
				INFOPLIST_KEY_UISupportedInterfaceOrientations_iPad = "UIInterfaceOrientationLandscapeLeft UIInterfaceOrientationLandscapeRight UIInterfaceOrientationPortrait UIInterfaceOrientationPortraitUpsideDown";
				IPHONEOS_DEPLOYMENT_TARGET = 17.0;
				LD_RUNPATH_SEARCH_PATHS = (
					"$(inherited)",
					"@executable_path/Frameworks",
				);
				MARKETING_VERSION = 1.0;
				PRODUCT_BUNDLE_IDENTIFIER = "com.whitehatgaming.DemoApp-Onboarding";
				PRODUCT_NAME = "$(TARGET_NAME)";
				SUPPORTED_PLATFORMS = "iphoneos iphonesimulator";
				SUPPORTS_MACCATALYST = NO;
				SUPPORTS_MAC_DESIGNED_FOR_IPHONE_IPAD = NO;
				SUPPORTS_XR_DESIGNED_FOR_IPHONE_IPAD = NO;
				SWIFT_EMIT_LOC_STRINGS = YES;
				SWIFT_VERSION = 5.0;
				TARGETED_DEVICE_FAMILY = 1;
			};
			name = Debug;
		};
		2A9CA5CD2B84E59F00827C80 /* Release */ = {
			isa = XCBuildConfiguration;
			buildSettings = {
				ASSETCATALOG_COMPILER_APPICON_NAME = AppIcon;
				ASSETCATALOG_COMPILER_GLOBAL_ACCENT_COLOR_NAME = AccentColor;
				CODE_SIGN_STYLE = Automatic;
				CURRENT_PROJECT_VERSION = 1;
				DEVELOPMENT_ASSET_PATHS = "";
				DEVELOPMENT_TEAM = 663KXV4GKQ;
				ENABLE_PREVIEWS = YES;
				GENERATE_INFOPLIST_FILE = YES;
				INFOPLIST_KEY_UIApplicationSceneManifest_Generation = YES;
				INFOPLIST_KEY_UIApplicationSupportsIndirectInputEvents = YES;
				INFOPLIST_KEY_UILaunchScreen_Generation = YES;
				INFOPLIST_KEY_UISupportedInterfaceOrientations = UIInterfaceOrientationPortrait;
				INFOPLIST_KEY_UISupportedInterfaceOrientations_iPad = "UIInterfaceOrientationLandscapeLeft UIInterfaceOrientationLandscapeRight UIInterfaceOrientationPortrait UIInterfaceOrientationPortraitUpsideDown";
				IPHONEOS_DEPLOYMENT_TARGET = 17.0;
				LD_RUNPATH_SEARCH_PATHS = (
					"$(inherited)",
					"@executable_path/Frameworks",
				);
				MARKETING_VERSION = 1.0;
				PRODUCT_BUNDLE_IDENTIFIER = "com.whitehatgaming.DemoApp-Onboarding";
				PRODUCT_NAME = "$(TARGET_NAME)";
				SUPPORTED_PLATFORMS = "iphoneos iphonesimulator";
				SUPPORTS_MACCATALYST = NO;
				SUPPORTS_MAC_DESIGNED_FOR_IPHONE_IPAD = NO;
				SUPPORTS_XR_DESIGNED_FOR_IPHONE_IPAD = NO;
				SWIFT_EMIT_LOC_STRINGS = YES;
				SWIFT_VERSION = 5.0;
				TARGETED_DEVICE_FAMILY = 1;
			};
			name = Release;
		};
		2AC3D43E2B3477E800EF8777 /* Debug */ = {
			isa = XCBuildConfiguration;
			buildSettings = {
				ASSETCATALOG_COMPILER_APPICON_NAME = AppIcon;
				ASSETCATALOG_COMPILER_GLOBAL_ACCENT_COLOR_NAME = AccentColor;
				CODE_SIGN_STYLE = Automatic;
				CURRENT_PROJECT_VERSION = 1;
				DEVELOPMENT_ASSET_PATHS = "";
				DEVELOPMENT_TEAM = 663KXV4GKQ;
				ENABLE_PREVIEWS = YES;
				GENERATE_INFOPLIST_FILE = YES;
				INFOPLIST_FILE = "DemoApp-SignInFeature/Info.plist";
				INFOPLIST_KEY_CFBundleDisplayName = DemoSignIn;
				INFOPLIST_KEY_UIApplicationSceneManifest_Generation = YES;
				INFOPLIST_KEY_UIApplicationSupportsIndirectInputEvents = YES;
				INFOPLIST_KEY_UILaunchScreen_Generation = YES;
				INFOPLIST_KEY_UISupportedInterfaceOrientations = UIInterfaceOrientationPortrait;
				INFOPLIST_KEY_UISupportedInterfaceOrientations_iPad = "UIInterfaceOrientationLandscapeLeft UIInterfaceOrientationLandscapeRight UIInterfaceOrientationPortrait UIInterfaceOrientationPortraitUpsideDown";
				IPHONEOS_DEPLOYMENT_TARGET = 17;
				LD_RUNPATH_SEARCH_PATHS = (
					"$(inherited)",
					"@executable_path/Frameworks",
				);
				MARKETING_VERSION = 1.0;
				PRODUCT_BUNDLE_IDENTIFIER = "com.whitehatgaming.DemoApp-SignInFeature";
				PRODUCT_NAME = "$(TARGET_NAME)";
				SUPPORTED_PLATFORMS = "iphoneos iphonesimulator";
				SUPPORTS_MACCATALYST = NO;
				SUPPORTS_MAC_DESIGNED_FOR_IPHONE_IPAD = NO;
				SUPPORTS_XR_DESIGNED_FOR_IPHONE_IPAD = NO;
				SWIFT_EMIT_LOC_STRINGS = YES;
				SWIFT_VERSION = 5.0;
				TARGETED_DEVICE_FAMILY = 1;
			};
			name = Debug;
		};
		2AC3D43F2B3477E800EF8777 /* Release */ = {
			isa = XCBuildConfiguration;
			buildSettings = {
				ASSETCATALOG_COMPILER_APPICON_NAME = AppIcon;
				ASSETCATALOG_COMPILER_GLOBAL_ACCENT_COLOR_NAME = AccentColor;
				CODE_SIGN_STYLE = Automatic;
				CURRENT_PROJECT_VERSION = 1;
				DEVELOPMENT_ASSET_PATHS = "";
				DEVELOPMENT_TEAM = 663KXV4GKQ;
				ENABLE_PREVIEWS = YES;
				GENERATE_INFOPLIST_FILE = YES;
				INFOPLIST_FILE = "DemoApp-SignInFeature/Info.plist";
				INFOPLIST_KEY_CFBundleDisplayName = DemoSignIn;
				INFOPLIST_KEY_UIApplicationSceneManifest_Generation = YES;
				INFOPLIST_KEY_UIApplicationSupportsIndirectInputEvents = YES;
				INFOPLIST_KEY_UILaunchScreen_Generation = YES;
				INFOPLIST_KEY_UISupportedInterfaceOrientations = UIInterfaceOrientationPortrait;
				INFOPLIST_KEY_UISupportedInterfaceOrientations_iPad = "UIInterfaceOrientationLandscapeLeft UIInterfaceOrientationLandscapeRight UIInterfaceOrientationPortrait UIInterfaceOrientationPortraitUpsideDown";
				IPHONEOS_DEPLOYMENT_TARGET = 17;
				LD_RUNPATH_SEARCH_PATHS = (
					"$(inherited)",
					"@executable_path/Frameworks",
				);
				MARKETING_VERSION = 1.0;
				PRODUCT_BUNDLE_IDENTIFIER = "com.whitehatgaming.DemoApp-SignInFeature";
				PRODUCT_NAME = "$(TARGET_NAME)";
				SUPPORTED_PLATFORMS = "iphoneos iphonesimulator";
				SUPPORTS_MACCATALYST = NO;
				SUPPORTS_MAC_DESIGNED_FOR_IPHONE_IPAD = NO;
				SUPPORTS_XR_DESIGNED_FOR_IPHONE_IPAD = NO;
				SWIFT_EMIT_LOC_STRINGS = YES;
				SWIFT_VERSION = 5.0;
				TARGETED_DEVICE_FAMILY = 1;
			};
			name = Release;
		};
		2AC5104D2B7C9F270030B196 /* Debug */ = {
			isa = XCBuildConfiguration;
			buildSettings = {
				BUNDLE_LOADER = "$(TEST_HOST)";
				CODE_SIGN_STYLE = Automatic;
				CURRENT_PROJECT_VERSION = 1;
				DEVELOPMENT_TEAM = 663KXV4GKQ;
				GENERATE_INFOPLIST_FILE = YES;
				IPHONEOS_DEPLOYMENT_TARGET = 17.0;
				MARKETING_VERSION = 1.0;
				PRODUCT_BUNDLE_IDENTIFIER = com.whitehatgaming.DynamicStylingPOCTests;
				PRODUCT_NAME = "$(TARGET_NAME)";
				SUPPORTED_PLATFORMS = "iphoneos iphonesimulator";
				SUPPORTS_MACCATALYST = NO;
				SUPPORTS_MAC_DESIGNED_FOR_IPHONE_IPAD = NO;
				SUPPORTS_XR_DESIGNED_FOR_IPHONE_IPAD = NO;
				SWIFT_EMIT_LOC_STRINGS = NO;
				SWIFT_VERSION = 5.0;
				TARGETED_DEVICE_FAMILY = 1;
				TEST_HOST = "$(BUILT_PRODUCTS_DIR)/DynamicStylingPOC.app/$(BUNDLE_EXECUTABLE_FOLDER_PATH)/DynamicStylingPOC";
			};
			name = Debug;
		};
		2AC5104E2B7C9F270030B196 /* Release */ = {
			isa = XCBuildConfiguration;
			buildSettings = {
				BUNDLE_LOADER = "$(TEST_HOST)";
				CODE_SIGN_STYLE = Automatic;
				CURRENT_PROJECT_VERSION = 1;
				DEVELOPMENT_TEAM = 663KXV4GKQ;
				GENERATE_INFOPLIST_FILE = YES;
				IPHONEOS_DEPLOYMENT_TARGET = 17.0;
				MARKETING_VERSION = 1.0;
				PRODUCT_BUNDLE_IDENTIFIER = com.whitehatgaming.DynamicStylingPOCTests;
				PRODUCT_NAME = "$(TARGET_NAME)";
				SUPPORTED_PLATFORMS = "iphoneos iphonesimulator";
				SUPPORTS_MACCATALYST = NO;
				SUPPORTS_MAC_DESIGNED_FOR_IPHONE_IPAD = NO;
				SUPPORTS_XR_DESIGNED_FOR_IPHONE_IPAD = NO;
				SWIFT_EMIT_LOC_STRINGS = NO;
				SWIFT_VERSION = 5.0;
				TARGETED_DEVICE_FAMILY = 1;
				TEST_HOST = "$(BUILT_PRODUCTS_DIR)/DynamicStylingPOC.app/$(BUNDLE_EXECUTABLE_FOLDER_PATH)/DynamicStylingPOC";
			};
			name = Release;
		};
/* End XCBuildConfiguration section */

/* Begin XCConfigurationList section */
		2A26D1CD2B2B16E800F68A9E /* Build configuration list for PBXProject "DynamicStylingPOC" */ = {
			isa = XCConfigurationList;
			buildConfigurations = (
				2A26D1F42B2B16EA00F68A9E /* Debug */,
				2A26D1F52B2B16EA00F68A9E /* Release */,
			);
			defaultConfigurationIsVisible = 0;
			defaultConfigurationName = Release;
		};
		2A26D1F62B2B16EA00F68A9E /* Build configuration list for PBXNativeTarget "DynamicStylingPOC" */ = {
			isa = XCConfigurationList;
			buildConfigurations = (
				2A26D1F72B2B16EA00F68A9E /* Debug */,
				2A26D1F82B2B16EA00F68A9E /* Release */,
			);
			defaultConfigurationIsVisible = 0;
			defaultConfigurationName = Release;
		};
		2A2E9C422B62903A00C0D174 /* Build configuration list for PBXNativeTarget "PlaybookApp" */ = {
			isa = XCConfigurationList;
			buildConfigurations = (
				2A2E9C432B62903A00C0D174 /* Debug */,
				2A2E9C442B62903A00C0D174 /* Release */,
			);
			defaultConfigurationIsVisible = 0;
			defaultConfigurationName = Release;
		};
		2A3E091C2B34582700B3C2CD /* Build configuration list for PBXNativeTarget "DemoApp-SignUpFeature" */ = {
			isa = XCConfigurationList;
			buildConfigurations = (
				2A3E091D2B34582700B3C2CD /* Debug */,
				2A3E091E2B34582700B3C2CD /* Release */,
			);
			defaultConfigurationIsVisible = 0;
			defaultConfigurationName = Release;
		};
		2A9CA5CB2B84E59F00827C80 /* Build configuration list for PBXNativeTarget "DemoApp-Onboarding" */ = {
			isa = XCConfigurationList;
			buildConfigurations = (
				2A9CA5CC2B84E59F00827C80 /* Debug */,
				2A9CA5CD2B84E59F00827C80 /* Release */,
			);
			defaultConfigurationIsVisible = 0;
			defaultConfigurationName = Release;
		};
		2AC3D4402B3477E800EF8777 /* Build configuration list for PBXNativeTarget "DemoApp-SignInFeature" */ = {
			isa = XCConfigurationList;
			buildConfigurations = (
				2AC3D43E2B3477E800EF8777 /* Debug */,
				2AC3D43F2B3477E800EF8777 /* Release */,
			);
			defaultConfigurationIsVisible = 0;
			defaultConfigurationName = Release;
		};
		2AC5104C2B7C9F270030B196 /* Build configuration list for PBXNativeTarget "DynamicStylingPOCTests" */ = {
			isa = XCConfigurationList;
			buildConfigurations = (
				2AC5104D2B7C9F270030B196 /* Debug */,
				2AC5104E2B7C9F270030B196 /* Release */,
			);
			defaultConfigurationIsVisible = 0;
			defaultConfigurationName = Release;
		};
/* End XCConfigurationList section */

/* Begin XCSwiftPackageProductDependency section */
		2A2E9C4E2B62911800C0D174 /* PlaybookFeature */ = {
			isa = XCSwiftPackageProductDependency;
			productName = PlaybookFeature;
		};
		2A3E091F2B345AEC00B3C2CD /* SignUpFeature */ = {
			isa = XCSwiftPackageProductDependency;
			productName = SignUpFeature;
		};
		2A9CA5CE2B84E5B500827C80 /* OnboardingFeature */ = {
			isa = XCSwiftPackageProductDependency;
			productName = OnboardingFeature;
		};
		2A9CA5D22B86018F00827C80 /* TestUtils */ = {
			isa = XCSwiftPackageProductDependency;
			productName = TestUtils;
		};
		2A9CA5E12B861E0500827C80 /* OnboardingFeature */ = {
			isa = XCSwiftPackageProductDependency;
			productName = OnboardingFeature;
		};
		2A9CA5E32B861E0500827C80 /* PlaybookFeature */ = {
			isa = XCSwiftPackageProductDependency;
			productName = PlaybookFeature;
		};
		2A9CA5E52B861E0500827C80 /* SignInFeature */ = {
			isa = XCSwiftPackageProductDependency;
			productName = SignInFeature;
		};
		2A9CA5E72B861E0500827C80 /* SignUpFeature */ = {
			isa = XCSwiftPackageProductDependency;
			productName = SignUpFeature;
		};
		2AC3D4452B4D21C300EF8777 /* SignInFeature */ = {
			isa = XCSwiftPackageProductDependency;
			productName = SignInFeature;
		};
/* End XCSwiftPackageProductDependency section */
	};
	rootObject = 2A26D1CA2B2B16E800F68A9E /* Project object */;
}
