// !$*UTF8*$!
{
	archiveVersion = 1;
	classes = {
	};
	objectVersion = 56;
	objects = {

/* Begin PBXBuildFile section */
		2A26D1E72B2B16EA00F68A9E /* DynamicStylingPOCTests.swift in Sources */ = {isa = PBXBuildFile; fileRef = 2A26D1E62B2B16EA00F68A9E /* DynamicStylingPOCTests.swift */; };
		2A26D2072B2B295300F68A9E /* AppFeature in Frameworks */ = {isa = PBXBuildFile; productRef = 2A26D2062B2B295300F68A9E /* AppFeature */; };
		2A3E090C2B32D79C00B3C2CD /* DesignSystemExtensions.swift in Sources */ = {isa = PBXBuildFile; fileRef = 2A3E090B2B32D79C00B3C2CD /* DesignSystemExtensions.swift */; };
		2A3FAD282B2C8C270016163B /* DependenciesInitializer.swift in Sources */ = {isa = PBXBuildFile; fileRef = 2A3FAD272B2C8C190016163B /* DependenciesInitializer.swift */; };
		2A3FAD302B2C92A30016163B /* Assets.xcassets in Resources */ = {isa = PBXBuildFile; fileRef = 2A3FAD2C2B2C91410016163B /* Assets.xcassets */; };
		2A3FAD322B301E830016163B /* AppDelegate.swift in Sources */ = {isa = PBXBuildFile; fileRef = 2A3FAD312B301E830016163B /* AppDelegate.swift */; };
		2A3FAD362B3027260016163B /* MainAppRoute.swift in Sources */ = {isa = PBXBuildFile; fileRef = 2A3FAD352B3027260016163B /* MainAppRoute.swift */; };
		2A3FAD382B30283B0016163B /* MainAppFlowCoordinator.swift in Sources */ = {isa = PBXBuildFile; fileRef = 2A3FAD372B30283B0016163B /* MainAppFlowCoordinator.swift */; };
		2A3FAD3F2B3031D40016163B /* SignUpRoute.swift in Sources */ = {isa = PBXBuildFile; fileRef = 2A3FAD3E2B3031D40016163B /* SignUpRoute.swift */; };
		2A3FAD412B3034A70016163B /* SignUpFlowCoordinator.swift in Sources */ = {isa = PBXBuildFile; fileRef = 2A3FAD402B3034A70016163B /* SignUpFlowCoordinator.swift */; };
		2A3FAD442B3047F00016163B /* WelcomeViewModel.swift in Sources */ = {isa = PBXBuildFile; fileRef = 2A3FAD432B3047F00016163B /* WelcomeViewModel.swift */; };
		2A3FAD462B3049150016163B /* WelcomeView.swift in Sources */ = {isa = PBXBuildFile; fileRef = 2A3FAD452B3049150016163B /* WelcomeView.swift */; };
		2A3FAD4C2B304CB10016163B /* PreviewMocks.swift in Sources */ = {isa = PBXBuildFile; fileRef = 2A3FAD4B2B304CB10016163B /* PreviewMocks.swift */; };
		2A3FAD502B305D080016163B /* EmailEntryView.swift in Sources */ = {isa = PBXBuildFile; fileRef = 2A3FAD4F2B305D080016163B /* EmailEntryView.swift */; };
		2A3FAD522B305DAA0016163B /* EmailEntryViewModel.swift in Sources */ = {isa = PBXBuildFile; fileRef = 2A3FAD512B305DAA0016163B /* EmailEntryViewModel.swift */; };
		2A3FAD552B3067B80016163B /* EmailPasswordLoginView.swift in Sources */ = {isa = PBXBuildFile; fileRef = 2A3FAD542B3067B80016163B /* EmailPasswordLoginView.swift */; };
		2A3FAD572B3067CE0016163B /* EmailPasswordLoginModel.swift in Sources */ = {isa = PBXBuildFile; fileRef = 2A3FAD562B3067CE0016163B /* EmailPasswordLoginModel.swift */; };
		2A3FAD592B3068A60016163B /* SignInRoute.swift in Sources */ = {isa = PBXBuildFile; fileRef = 2A3FAD582B3068A60016163B /* SignInRoute.swift */; };
		2A3FAD5B2B3069A50016163B /* SignInFlowCoordinator.swift in Sources */ = {isa = PBXBuildFile; fileRef = 2A3FAD5A2B3069A50016163B /* SignInFlowCoordinator.swift */; };
		2A3FAD602B3087CC0016163B /* PasswordEntryView.swift in Sources */ = {isa = PBXBuildFile; fileRef = 2A3FAD5F2B3087CC0016163B /* PasswordEntryView.swift */; };
		2A3FAD622B3087E40016163B /* PasswordEntryViewModel.swift in Sources */ = {isa = PBXBuildFile; fileRef = 2A3FAD612B3087E40016163B /* PasswordEntryViewModel.swift */; };
		2A3FAD642B3194E90016163B /* RootNavigationController.swift in Sources */ = {isa = PBXBuildFile; fileRef = 2A3FAD632B3194E90016163B /* RootNavigationController.swift */; };
		2A3FAD662B31BA6D0016163B /* Colors.xcassets in Resources */ = {isa = PBXBuildFile; fileRef = 2A3FAD652B31BA6D0016163B /* Colors.xcassets */; };
/* End PBXBuildFile section */

/* Begin PBXContainerItemProxy section */
		2A26D1E32B2B16EA00F68A9E /* PBXContainerItemProxy */ = {
			isa = PBXContainerItemProxy;
			containerPortal = 2A26D1CA2B2B16E800F68A9E /* Project object */;
			proxyType = 1;
			remoteGlobalIDString = 2A26D1D12B2B16E800F68A9E;
			remoteInfo = DynamicStylingPOC;
		};
/* End PBXContainerItemProxy section */

/* Begin PBXFileReference section */
		2A26D1D22B2B16E800F68A9E /* DynamicStylingPOC.app */ = {isa = PBXFileReference; explicitFileType = wrapper.application; includeInIndex = 0; path = DynamicStylingPOC.app; sourceTree = BUILT_PRODUCTS_DIR; };
		2A26D1E22B2B16EA00F68A9E /* DynamicStylingPOCTests.xctest */ = {isa = PBXFileReference; explicitFileType = wrapper.cfbundle; includeInIndex = 0; path = DynamicStylingPOCTests.xctest; sourceTree = BUILT_PRODUCTS_DIR; };
		2A26D1E62B2B16EA00F68A9E /* DynamicStylingPOCTests.swift */ = {isa = PBXFileReference; lastKnownFileType = sourcecode.swift; path = DynamicStylingPOCTests.swift; sourceTree = "<group>"; };
		2A3E090B2B32D79C00B3C2CD /* DesignSystemExtensions.swift */ = {isa = PBXFileReference; lastKnownFileType = sourcecode.swift; path = DesignSystemExtensions.swift; sourceTree = "<group>"; };
		2A3FAD272B2C8C190016163B /* DependenciesInitializer.swift */ = {isa = PBXFileReference; lastKnownFileType = sourcecode.swift; path = DependenciesInitializer.swift; sourceTree = "<group>"; };
		2A3FAD2C2B2C91410016163B /* Assets.xcassets */ = {isa = PBXFileReference; lastKnownFileType = folder.assetcatalog; name = Assets.xcassets; path = DynamicStylingPOC/Resources/Assets.xcassets; sourceTree = SOURCE_ROOT; };
		2A3FAD2D2B2C91410016163B /* Info.plist */ = {isa = PBXFileReference; lastKnownFileType = text.plist; name = Info.plist; path = DynamicStylingPOC/Resources/Info.plist; sourceTree = SOURCE_ROOT; };
		2A3FAD312B301E830016163B /* AppDelegate.swift */ = {isa = PBXFileReference; lastKnownFileType = sourcecode.swift; path = AppDelegate.swift; sourceTree = "<group>"; };
		2A3FAD352B3027260016163B /* MainAppRoute.swift */ = {isa = PBXFileReference; lastKnownFileType = sourcecode.swift; path = MainAppRoute.swift; sourceTree = "<group>"; };
		2A3FAD372B30283B0016163B /* MainAppFlowCoordinator.swift */ = {isa = PBXFileReference; lastKnownFileType = sourcecode.swift; path = MainAppFlowCoordinator.swift; sourceTree = "<group>"; };
		2A3FAD3E2B3031D40016163B /* SignUpRoute.swift */ = {isa = PBXFileReference; lastKnownFileType = sourcecode.swift; path = SignUpRoute.swift; sourceTree = "<group>"; };
		2A3FAD402B3034A70016163B /* SignUpFlowCoordinator.swift */ = {isa = PBXFileReference; lastKnownFileType = sourcecode.swift; path = SignUpFlowCoordinator.swift; sourceTree = "<group>"; };
		2A3FAD432B3047F00016163B /* WelcomeViewModel.swift */ = {isa = PBXFileReference; lastKnownFileType = sourcecode.swift; path = WelcomeViewModel.swift; sourceTree = "<group>"; };
		2A3FAD452B3049150016163B /* WelcomeView.swift */ = {isa = PBXFileReference; lastKnownFileType = sourcecode.swift; path = WelcomeView.swift; sourceTree = "<group>"; };
		2A3FAD4B2B304CB10016163B /* PreviewMocks.swift */ = {isa = PBXFileReference; lastKnownFileType = sourcecode.swift; path = PreviewMocks.swift; sourceTree = "<group>"; };
		2A3FAD4F2B305D080016163B /* EmailEntryView.swift */ = {isa = PBXFileReference; lastKnownFileType = sourcecode.swift; path = EmailEntryView.swift; sourceTree = "<group>"; };
		2A3FAD512B305DAA0016163B /* EmailEntryViewModel.swift */ = {isa = PBXFileReference; lastKnownFileType = sourcecode.swift; path = EmailEntryViewModel.swift; sourceTree = "<group>"; };
		2A3FAD542B3067B80016163B /* EmailPasswordLoginView.swift */ = {isa = PBXFileReference; lastKnownFileType = sourcecode.swift; path = EmailPasswordLoginView.swift; sourceTree = "<group>"; };
		2A3FAD562B3067CE0016163B /* EmailPasswordLoginModel.swift */ = {isa = PBXFileReference; lastKnownFileType = sourcecode.swift; path = EmailPasswordLoginModel.swift; sourceTree = "<group>"; };
		2A3FAD582B3068A60016163B /* SignInRoute.swift */ = {isa = PBXFileReference; lastKnownFileType = sourcecode.swift; path = SignInRoute.swift; sourceTree = "<group>"; };
		2A3FAD5A2B3069A50016163B /* SignInFlowCoordinator.swift */ = {isa = PBXFileReference; lastKnownFileType = sourcecode.swift; path = SignInFlowCoordinator.swift; sourceTree = "<group>"; };
		2A3FAD5F2B3087CC0016163B /* PasswordEntryView.swift */ = {isa = PBXFileReference; lastKnownFileType = sourcecode.swift; path = PasswordEntryView.swift; sourceTree = "<group>"; };
		2A3FAD612B3087E40016163B /* PasswordEntryViewModel.swift */ = {isa = PBXFileReference; lastKnownFileType = sourcecode.swift; path = PasswordEntryViewModel.swift; sourceTree = "<group>"; };
		2A3FAD632B3194E90016163B /* RootNavigationController.swift */ = {isa = PBXFileReference; lastKnownFileType = sourcecode.swift; path = RootNavigationController.swift; sourceTree = "<group>"; };
		2A3FAD652B31BA6D0016163B /* Colors.xcassets */ = {isa = PBXFileReference; lastKnownFileType = folder.assetcatalog; path = Colors.xcassets; sourceTree = "<group>"; };
/* End PBXFileReference section */

/* Begin PBXFrameworksBuildPhase section */
		2A26D1CF2B2B16E800F68A9E /* Frameworks */ = {
			isa = PBXFrameworksBuildPhase;
			buildActionMask = 2147483647;
			files = (
				2A26D2072B2B295300F68A9E /* AppFeature in Frameworks */,
			);
			runOnlyForDeploymentPostprocessing = 0;
		};
		2A26D1DF2B2B16EA00F68A9E /* Frameworks */ = {
			isa = PBXFrameworksBuildPhase;
			buildActionMask = 2147483647;
			files = (
			);
			runOnlyForDeploymentPostprocessing = 0;
		};
/* End PBXFrameworksBuildPhase section */

/* Begin PBXGroup section */
		2A26D1C92B2B16E800F68A9E = {
			isa = PBXGroup;
			children = (
				2A26D1D42B2B16E800F68A9E /* DynamicStylingPOC */,
				2A26D1E52B2B16EA00F68A9E /* DynamicStylingPOCTests */,
				2A26D1D32B2B16E800F68A9E /* Products */,
				2A26D2052B2B295300F68A9E /* Frameworks */,
			);
			sourceTree = "<group>";
		};
		2A26D1D32B2B16E800F68A9E /* Products */ = {
			isa = PBXGroup;
			children = (
				2A26D1D22B2B16E800F68A9E /* DynamicStylingPOC.app */,
				2A26D1E22B2B16EA00F68A9E /* DynamicStylingPOCTests.xctest */,
			);
			name = Products;
			sourceTree = "<group>";
		};
		2A26D1D42B2B16E800F68A9E /* DynamicStylingPOC */ = {
			isa = PBXGroup;
			children = (
				2A3FAD4A2B304AAD0016163B /* Preview Resources */,
				2A3FAD2B2B2C91330016163B /* Resources */,
				2A26D20B2B2B381500F68A9E /* Code */,
			);
			path = DynamicStylingPOC;
			sourceTree = "<group>";
		};
		2A26D1E52B2B16EA00F68A9E /* DynamicStylingPOCTests */ = {
			isa = PBXGroup;
			children = (
				2A26D1E62B2B16EA00F68A9E /* DynamicStylingPOCTests.swift */,
			);
			path = DynamicStylingPOCTests;
			sourceTree = "<group>";
		};
		2A26D2052B2B295300F68A9E /* Frameworks */ = {
			isa = PBXGroup;
			children = (
			);
			name = Frameworks;
			sourceTree = "<group>";
		};
		2A26D20B2B2B381500F68A9E /* Code */ = {
			isa = PBXGroup;
			children = (
				2A3FAD342B3026B80016163B /* Navigation */,
				2A3FAD332B3026A30016163B /* UI */,
				2A3FAD292B2C8C370016163B /* DI */,
				2A3FAD312B301E830016163B /* AppDelegate.swift */,
			);
			path = Code;
			sourceTree = "<group>";
		};
		2A3FAD292B2C8C370016163B /* DI */ = {
			isa = PBXGroup;
			children = (
				2A3FAD272B2C8C190016163B /* DependenciesInitializer.swift */,
			);
			path = DI;
			sourceTree = "<group>";
		};
		2A3FAD2B2B2C91330016163B /* Resources */ = {
			isa = PBXGroup;
			children = (
				2A3FAD2C2B2C91410016163B /* Assets.xcassets */,
				2A3FAD652B31BA6D0016163B /* Colors.xcassets */,
				2A3FAD2D2B2C91410016163B /* Info.plist */,
			);
			path = Resources;
			sourceTree = "<group>";
		};
		2A3FAD332B3026A30016163B /* UI */ = {
			isa = PBXGroup;
			children = (
				2A3FAD632B3194E90016163B /* RootNavigationController.swift */,
				2A3E090B2B32D79C00B3C2CD /* DesignSystemExtensions.swift */,
			);
			path = UI;
			sourceTree = "<group>";
		};
		2A3FAD342B3026B80016163B /* Navigation */ = {
			isa = PBXGroup;
			children = (
				2A3FAD392B30317B0016163B /* App Flows */,
			);
			path = Navigation;
			sourceTree = "<group>";
		};
		2A3FAD392B30317B0016163B /* App Flows */ = {
			isa = PBXGroup;
			children = (
				2A3FAD3D2B3031AB0016163B /* Games Lobby Flow */,
				2A3FAD3C2B3031A30016163B /* SignIn Flow */,
				2A3FAD3B2B3031990016163B /* SignUp Flow */,
				2A3FAD3A2B3031860016163B /* Main Flow */,
			);
			path = "App Flows";
			sourceTree = "<group>";
		};
		2A3FAD3A2B3031860016163B /* Main Flow */ = {
			isa = PBXGroup;
			children = (
				2A3FAD422B3047D00016163B /* View */,
				2A3FAD352B3027260016163B /* MainAppRoute.swift */,
				2A3FAD372B30283B0016163B /* MainAppFlowCoordinator.swift */,
			);
			path = "Main Flow";
			sourceTree = "<group>";
		};
		2A3FAD3B2B3031990016163B /* SignUp Flow */ = {
			isa = PBXGroup;
			children = (
				2A3FAD4E2B305CF20016163B /* View */,
				2A3FAD3E2B3031D40016163B /* SignUpRoute.swift */,
				2A3FAD402B3034A70016163B /* SignUpFlowCoordinator.swift */,
			);
			path = "SignUp Flow";
			sourceTree = "<group>";
		};
		2A3FAD3C2B3031A30016163B /* SignIn Flow */ = {
			isa = PBXGroup;
			children = (
				2A3FAD532B30659C0016163B /* View */,
				2A3FAD582B3068A60016163B /* SignInRoute.swift */,
				2A3FAD5A2B3069A50016163B /* SignInFlowCoordinator.swift */,
			);
			path = "SignIn Flow";
			sourceTree = "<group>";
		};
		2A3FAD3D2B3031AB0016163B /* Games Lobby Flow */ = {
			isa = PBXGroup;
			children = (
			);
			path = "Games Lobby Flow";
			sourceTree = "<group>";
		};
		2A3FAD422B3047D00016163B /* View */ = {
			isa = PBXGroup;
			children = (
				2A3FAD432B3047F00016163B /* WelcomeViewModel.swift */,
				2A3FAD452B3049150016163B /* WelcomeView.swift */,
			);
			path = View;
			sourceTree = "<group>";
		};
		2A3FAD4A2B304AAD0016163B /* Preview Resources */ = {
			isa = PBXGroup;
			children = (
				2A3FAD4B2B304CB10016163B /* PreviewMocks.swift */,
			);
			path = "Preview Resources";
			sourceTree = "<group>";
		};
		2A3FAD4E2B305CF20016163B /* View */ = {
			isa = PBXGroup;
			children = (
				2A3FAD5E2B3087B00016163B /* Password Entry */,
				2A3FAD5D2B30878D0016163B /* Email Entry */,
			);
			path = View;
			sourceTree = "<group>";
		};
		2A3FAD532B30659C0016163B /* View */ = {
			isa = PBXGroup;
			children = (
				2A3FAD542B3067B80016163B /* EmailPasswordLoginView.swift */,
				2A3FAD562B3067CE0016163B /* EmailPasswordLoginModel.swift */,
			);
			path = View;
			sourceTree = "<group>";
		};
		2A3FAD5D2B30878D0016163B /* Email Entry */ = {
			isa = PBXGroup;
			children = (
				2A3FAD4F2B305D080016163B /* EmailEntryView.swift */,
				2A3FAD512B305DAA0016163B /* EmailEntryViewModel.swift */,
			);
			path = "Email Entry";
			sourceTree = "<group>";
		};
		2A3FAD5E2B3087B00016163B /* Password Entry */ = {
			isa = PBXGroup;
			children = (
				2A3FAD5F2B3087CC0016163B /* PasswordEntryView.swift */,
				2A3FAD612B3087E40016163B /* PasswordEntryViewModel.swift */,
			);
			path = "Password Entry";
			sourceTree = "<group>";
		};
/* End PBXGroup section */

/* Begin PBXNativeTarget section */
		2A26D1D12B2B16E800F68A9E /* DynamicStylingPOC */ = {
			isa = PBXNativeTarget;
			buildConfigurationList = 2A26D1F62B2B16EA00F68A9E /* Build configuration list for PBXNativeTarget "DynamicStylingPOC" */;
			buildPhases = (
				2A26D1CE2B2B16E800F68A9E /* Sources */,
				2A26D1CF2B2B16E800F68A9E /* Frameworks */,
				2A26D1D02B2B16E800F68A9E /* Resources */,
			);
			buildRules = (
			);
			dependencies = (
			);
			name = DynamicStylingPOC;
			packageProductDependencies = (
				2A26D2062B2B295300F68A9E /* AppFeature */,
			);
			productName = DynamicStylingPOC;
			productReference = 2A26D1D22B2B16E800F68A9E /* DynamicStylingPOC.app */;
			productType = "com.apple.product-type.application";
		};
		2A26D1E12B2B16EA00F68A9E /* DynamicStylingPOCTests */ = {
			isa = PBXNativeTarget;
			buildConfigurationList = 2A26D1F92B2B16EA00F68A9E /* Build configuration list for PBXNativeTarget "DynamicStylingPOCTests" */;
			buildPhases = (
				2A26D1DE2B2B16EA00F68A9E /* Sources */,
				2A26D1DF2B2B16EA00F68A9E /* Frameworks */,
				2A26D1E02B2B16EA00F68A9E /* Resources */,
			);
			buildRules = (
			);
			dependencies = (
				2A26D1E42B2B16EA00F68A9E /* PBXTargetDependency */,
			);
			name = DynamicStylingPOCTests;
			productName = DynamicStylingPOCTests;
			productReference = 2A26D1E22B2B16EA00F68A9E /* DynamicStylingPOCTests.xctest */;
			productType = "com.apple.product-type.bundle.unit-test";
		};
/* End PBXNativeTarget section */

/* Begin PBXProject section */
		2A26D1CA2B2B16E800F68A9E /* Project object */ = {
			isa = PBXProject;
			attributes = {
				BuildIndependentTargetsInParallel = 1;
				LastSwiftUpdateCheck = 1510;
				LastUpgradeCheck = 1510;
				TargetAttributes = {
					2A26D1D12B2B16E800F68A9E = {
						CreatedOnToolsVersion = 15.1;
					};
					2A26D1E12B2B16EA00F68A9E = {
						CreatedOnToolsVersion = 15.1;
						TestTargetID = 2A26D1D12B2B16E800F68A9E;
					};
				};
			};
			buildConfigurationList = 2A26D1CD2B2B16E800F68A9E /* Build configuration list for PBXProject "DynamicStylingPOC" */;
			compatibilityVersion = "Xcode 14.0";
			developmentRegion = en;
			hasScannedForEncodings = 0;
			knownRegions = (
				en,
				Base,
			);
			mainGroup = 2A26D1C92B2B16E800F68A9E;
			packageReferences = (
				2A26D2112B2B45CF00F68A9E /* XCRemoteSwiftPackageReference "SwiftFormat" */,
			);
			productRefGroup = 2A26D1D32B2B16E800F68A9E /* Products */;
			projectDirPath = "";
			projectRoot = "";
			targets = (
				2A26D1D12B2B16E800F68A9E /* DynamicStylingPOC */,
				2A26D1E12B2B16EA00F68A9E /* DynamicStylingPOCTests */,
			);
		};
/* End PBXProject section */

/* Begin PBXResourcesBuildPhase section */
		2A26D1D02B2B16E800F68A9E /* Resources */ = {
			isa = PBXResourcesBuildPhase;
			buildActionMask = 2147483647;
			files = (
				2A3FAD302B2C92A30016163B /* Assets.xcassets in Resources */,
				2A3FAD662B31BA6D0016163B /* Colors.xcassets in Resources */,
			);
			runOnlyForDeploymentPostprocessing = 0;
		};
		2A26D1E02B2B16EA00F68A9E /* Resources */ = {
			isa = PBXResourcesBuildPhase;
			buildActionMask = 2147483647;
			files = (
			);
			runOnlyForDeploymentPostprocessing = 0;
		};
/* End PBXResourcesBuildPhase section */

/* Begin PBXSourcesBuildPhase section */
		2A26D1CE2B2B16E800F68A9E /* Sources */ = {
			isa = PBXSourcesBuildPhase;
			buildActionMask = 2147483647;
			files = (
				2A3FAD502B305D080016163B /* EmailEntryView.swift in Sources */,
				2A3FAD412B3034A70016163B /* SignUpFlowCoordinator.swift in Sources */,
				2A3FAD602B3087CC0016163B /* PasswordEntryView.swift in Sources */,
				2A3FAD382B30283B0016163B /* MainAppFlowCoordinator.swift in Sources */,
				2A3FAD592B3068A60016163B /* SignInRoute.swift in Sources */,
				2A3FAD442B3047F00016163B /* WelcomeViewModel.swift in Sources */,
				2A3E090C2B32D79C00B3C2CD /* DesignSystemExtensions.swift in Sources */,
				2A3FAD5B2B3069A50016163B /* SignInFlowCoordinator.swift in Sources */,
				2A3FAD462B3049150016163B /* WelcomeView.swift in Sources */,
				2A3FAD322B301E830016163B /* AppDelegate.swift in Sources */,
				2A3FAD4C2B304CB10016163B /* PreviewMocks.swift in Sources */,
				2A3FAD572B3067CE0016163B /* EmailPasswordLoginModel.swift in Sources */,
				2A3FAD642B3194E90016163B /* RootNavigationController.swift in Sources */,
				2A3FAD3F2B3031D40016163B /* SignUpRoute.swift in Sources */,
				2A3FAD362B3027260016163B /* MainAppRoute.swift in Sources */,
				2A3FAD522B305DAA0016163B /* EmailEntryViewModel.swift in Sources */,
				2A3FAD552B3067B80016163B /* EmailPasswordLoginView.swift in Sources */,
				2A3FAD282B2C8C270016163B /* DependenciesInitializer.swift in Sources */,
				2A3FAD622B3087E40016163B /* PasswordEntryViewModel.swift in Sources */,
			);
			runOnlyForDeploymentPostprocessing = 0;
		};
		2A26D1DE2B2B16EA00F68A9E /* Sources */ = {
			isa = PBXSourcesBuildPhase;
			buildActionMask = 2147483647;
			files = (
				2A26D1E72B2B16EA00F68A9E /* DynamicStylingPOCTests.swift in Sources */,
			);
			runOnlyForDeploymentPostprocessing = 0;
		};
/* End PBXSourcesBuildPhase section */

/* Begin PBXTargetDependency section */
		2A26D1E42B2B16EA00F68A9E /* PBXTargetDependency */ = {
			isa = PBXTargetDependency;
			target = 2A26D1D12B2B16E800F68A9E /* DynamicStylingPOC */;
			targetProxy = 2A26D1E32B2B16EA00F68A9E /* PBXContainerItemProxy */;
		};
/* End PBXTargetDependency section */

/* Begin XCBuildConfiguration section */
		2A26D1F42B2B16EA00F68A9E /* Debug */ = {
			isa = XCBuildConfiguration;
			buildSettings = {
				ALWAYS_SEARCH_USER_PATHS = NO;
				ASSETCATALOG_COMPILER_GENERATE_SWIFT_ASSET_SYMBOL_EXTENSIONS = YES;
				CLANG_ANALYZER_NONNULL = YES;
				CLANG_ANALYZER_NUMBER_OBJECT_CONVERSION = YES_AGGRESSIVE;
				CLANG_CXX_LANGUAGE_STANDARD = "gnu++20";
				CLANG_ENABLE_MODULES = YES;
				CLANG_ENABLE_OBJC_ARC = YES;
				CLANG_ENABLE_OBJC_WEAK = YES;
				CLANG_WARN_BLOCK_CAPTURE_AUTORELEASING = YES;
				CLANG_WARN_BOOL_CONVERSION = YES;
				CLANG_WARN_COMMA = YES;
				CLANG_WARN_CONSTANT_CONVERSION = YES;
				CLANG_WARN_DEPRECATED_OBJC_IMPLEMENTATIONS = YES;
				CLANG_WARN_DIRECT_OBJC_ISA_USAGE = YES_ERROR;
				CLANG_WARN_DOCUMENTATION_COMMENTS = YES;
				CLANG_WARN_EMPTY_BODY = YES;
				CLANG_WARN_ENUM_CONVERSION = YES;
				CLANG_WARN_INFINITE_RECURSION = YES;
				CLANG_WARN_INT_CONVERSION = YES;
				CLANG_WARN_NON_LITERAL_NULL_CONVERSION = YES;
				CLANG_WARN_OBJC_IMPLICIT_RETAIN_SELF = YES;
				CLANG_WARN_OBJC_LITERAL_CONVERSION = YES;
				CLANG_WARN_OBJC_ROOT_CLASS = YES_ERROR;
				CLANG_WARN_QUOTED_INCLUDE_IN_FRAMEWORK_HEADER = YES;
				CLANG_WARN_RANGE_LOOP_ANALYSIS = YES;
				CLANG_WARN_STRICT_PROTOTYPES = YES;
				CLANG_WARN_SUSPICIOUS_MOVE = YES;
				CLANG_WARN_UNGUARDED_AVAILABILITY = YES_AGGRESSIVE;
				CLANG_WARN_UNREACHABLE_CODE = YES;
				CLANG_WARN__DUPLICATE_METHOD_MATCH = YES;
				COPY_PHASE_STRIP = NO;
				DEBUG_INFORMATION_FORMAT = dwarf;
				ENABLE_STRICT_OBJC_MSGSEND = YES;
				ENABLE_TESTABILITY = YES;
				ENABLE_USER_SCRIPT_SANDBOXING = YES;
				GCC_C_LANGUAGE_STANDARD = gnu17;
				GCC_DYNAMIC_NO_PIC = NO;
				GCC_NO_COMMON_BLOCKS = YES;
				GCC_OPTIMIZATION_LEVEL = 0;
				GCC_PREPROCESSOR_DEFINITIONS = (
					"DEBUG=1",
					"$(inherited)",
				);
				GCC_WARN_64_TO_32_BIT_CONVERSION = YES;
				GCC_WARN_ABOUT_RETURN_TYPE = YES_ERROR;
				GCC_WARN_UNDECLARED_SELECTOR = YES;
				GCC_WARN_UNINITIALIZED_AUTOS = YES_AGGRESSIVE;
				GCC_WARN_UNUSED_FUNCTION = YES;
				GCC_WARN_UNUSED_VARIABLE = YES;
				IPHONEOS_DEPLOYMENT_TARGET = 17.2;
				LOCALIZATION_PREFERS_STRING_CATALOGS = YES;
				MTL_ENABLE_DEBUG_INFO = INCLUDE_SOURCE;
				MTL_FAST_MATH = YES;
				ONLY_ACTIVE_ARCH = YES;
				SDKROOT = iphoneos;
				SWIFT_ACTIVE_COMPILATION_CONDITIONS = "DEBUG $(inherited)";
				SWIFT_OPTIMIZATION_LEVEL = "-Onone";
			};
			name = Debug;
		};
		2A26D1F52B2B16EA00F68A9E /* Release */ = {
			isa = XCBuildConfiguration;
			buildSettings = {
				ALWAYS_SEARCH_USER_PATHS = NO;
				ASSETCATALOG_COMPILER_GENERATE_SWIFT_ASSET_SYMBOL_EXTENSIONS = YES;
				CLANG_ANALYZER_NONNULL = YES;
				CLANG_ANALYZER_NUMBER_OBJECT_CONVERSION = YES_AGGRESSIVE;
				CLANG_CXX_LANGUAGE_STANDARD = "gnu++20";
				CLANG_ENABLE_MODULES = YES;
				CLANG_ENABLE_OBJC_ARC = YES;
				CLANG_ENABLE_OBJC_WEAK = YES;
				CLANG_WARN_BLOCK_CAPTURE_AUTORELEASING = YES;
				CLANG_WARN_BOOL_CONVERSION = YES;
				CLANG_WARN_COMMA = YES;
				CLANG_WARN_CONSTANT_CONVERSION = YES;
				CLANG_WARN_DEPRECATED_OBJC_IMPLEMENTATIONS = YES;
				CLANG_WARN_DIRECT_OBJC_ISA_USAGE = YES_ERROR;
				CLANG_WARN_DOCUMENTATION_COMMENTS = YES;
				CLANG_WARN_EMPTY_BODY = YES;
				CLANG_WARN_ENUM_CONVERSION = YES;
				CLANG_WARN_INFINITE_RECURSION = YES;
				CLANG_WARN_INT_CONVERSION = YES;
				CLANG_WARN_NON_LITERAL_NULL_CONVERSION = YES;
				CLANG_WARN_OBJC_IMPLICIT_RETAIN_SELF = YES;
				CLANG_WARN_OBJC_LITERAL_CONVERSION = YES;
				CLANG_WARN_OBJC_ROOT_CLASS = YES_ERROR;
				CLANG_WARN_QUOTED_INCLUDE_IN_FRAMEWORK_HEADER = YES;
				CLANG_WARN_RANGE_LOOP_ANALYSIS = YES;
				CLANG_WARN_STRICT_PROTOTYPES = YES;
				CLANG_WARN_SUSPICIOUS_MOVE = YES;
				CLANG_WARN_UNGUARDED_AVAILABILITY = YES_AGGRESSIVE;
				CLANG_WARN_UNREACHABLE_CODE = YES;
				CLANG_WARN__DUPLICATE_METHOD_MATCH = YES;
				COPY_PHASE_STRIP = NO;
				DEBUG_INFORMATION_FORMAT = "dwarf-with-dsym";
				ENABLE_NS_ASSERTIONS = NO;
				ENABLE_STRICT_OBJC_MSGSEND = YES;
				ENABLE_USER_SCRIPT_SANDBOXING = YES;
				GCC_C_LANGUAGE_STANDARD = gnu17;
				GCC_NO_COMMON_BLOCKS = YES;
				GCC_WARN_64_TO_32_BIT_CONVERSION = YES;
				GCC_WARN_ABOUT_RETURN_TYPE = YES_ERROR;
				GCC_WARN_UNDECLARED_SELECTOR = YES;
				GCC_WARN_UNINITIALIZED_AUTOS = YES_AGGRESSIVE;
				GCC_WARN_UNUSED_FUNCTION = YES;
				GCC_WARN_UNUSED_VARIABLE = YES;
				IPHONEOS_DEPLOYMENT_TARGET = 17.2;
				LOCALIZATION_PREFERS_STRING_CATALOGS = YES;
				MTL_ENABLE_DEBUG_INFO = NO;
				MTL_FAST_MATH = YES;
				SDKROOT = iphoneos;
				SWIFT_COMPILATION_MODE = wholemodule;
				VALIDATE_PRODUCT = YES;
			};
			name = Release;
		};
		2A26D1F72B2B16EA00F68A9E /* Debug */ = {
			isa = XCBuildConfiguration;
			buildSettings = {
				ASSETCATALOG_COMPILER_APPICON_NAME = AppIcon;
				ASSETCATALOG_COMPILER_GLOBAL_ACCENT_COLOR_NAME = AccentColor;
				CODE_SIGN_IDENTITY = "Apple Development";
				CODE_SIGN_STYLE = Automatic;
				CURRENT_PROJECT_VERSION = 1;
				DEVELOPMENT_ASSET_PATHS = "";
				DEVELOPMENT_TEAM = 663KXV4GKQ;
				ENABLE_PREVIEWS = YES;
				GCC_TREAT_WARNINGS_AS_ERRORS = NO;
				GENERATE_INFOPLIST_FILE = YES;
				INFOPLIST_FILE = DynamicStylingPOC/Resources/Info.plist;
				INFOPLIST_KEY_CFBundleDisplayName = "$(PRODUCT_NAME)";
				INFOPLIST_KEY_UILaunchScreen_Generation = YES;
				INFOPLIST_KEY_UISupportedInterfaceOrientations = UIInterfaceOrientationPortrait;
				INFOPLIST_OUTPUT_FORMAT = "same-as-input";
				IPHONEOS_DEPLOYMENT_TARGET = 17.0;
				LD_RUNPATH_SEARCH_PATHS = (
					"$(inherited)",
					"@executable_path/Frameworks",
				);
				MARKETING_VERSION = 1.0.0;
				PRODUCT_BUNDLE_IDENTIFIER = com.whitehatgaming.DynamicStylingPOC;
				PRODUCT_NAME = "$(TARGET_NAME)";
				PROVISIONING_PROFILE_SPECIFIER = "";
				SUPPORTED_PLATFORMS = "iphoneos iphonesimulator";
				SUPPORTS_MACCATALYST = NO;
				SUPPORTS_MAC_DESIGNED_FOR_IPHONE_IPAD = NO;
				SWIFT_EMIT_LOC_STRINGS = YES;
				SWIFT_TREAT_WARNINGS_AS_ERRORS = YES;
				SWIFT_VERSION = 5.0;
				TARGETED_DEVICE_FAMILY = 1;
				VERSIONING_SYSTEM = "apple-generic";
			};
			name = Debug;
		};
		2A26D1F82B2B16EA00F68A9E /* Release */ = {
			isa = XCBuildConfiguration;
			buildSettings = {
				ASSETCATALOG_COMPILER_APPICON_NAME = AppIcon;
				ASSETCATALOG_COMPILER_GLOBAL_ACCENT_COLOR_NAME = AccentColor;
				CODE_SIGN_IDENTITY = "Apple Development";
				CODE_SIGN_STYLE = Automatic;
				CURRENT_PROJECT_VERSION = 1;
				DEVELOPMENT_ASSET_PATHS = "";
				DEVELOPMENT_TEAM = 663KXV4GKQ;
				ENABLE_PREVIEWS = YES;
				GCC_TREAT_WARNINGS_AS_ERRORS = NO;
				GENERATE_INFOPLIST_FILE = YES;
				INFOPLIST_FILE = DynamicStylingPOC/Resources/Info.plist;
				INFOPLIST_KEY_CFBundleDisplayName = "$(PRODUCT_NAME)";
				INFOPLIST_KEY_UILaunchScreen_Generation = YES;
				INFOPLIST_KEY_UISupportedInterfaceOrientations = UIInterfaceOrientationPortrait;
				INFOPLIST_OUTPUT_FORMAT = "same-as-input";
				IPHONEOS_DEPLOYMENT_TARGET = 17.0;
				LD_RUNPATH_SEARCH_PATHS = (
					"$(inherited)",
					"@executable_path/Frameworks",
				);
				MARKETING_VERSION = 1.0.0;
				PRODUCT_BUNDLE_IDENTIFIER = com.whitehatgaming.DynamicStylingPOC;
				PRODUCT_NAME = "$(TARGET_NAME)";
				PROVISIONING_PROFILE_SPECIFIER = "";
				SUPPORTED_PLATFORMS = "iphoneos iphonesimulator";
				SUPPORTS_MACCATALYST = NO;
				SUPPORTS_MAC_DESIGNED_FOR_IPHONE_IPAD = NO;
				SWIFT_EMIT_LOC_STRINGS = YES;
				SWIFT_TREAT_WARNINGS_AS_ERRORS = YES;
				SWIFT_VERSION = 5.0;
				TARGETED_DEVICE_FAMILY = 1;
				VERSIONING_SYSTEM = "apple-generic";
			};
			name = Release;
		};
		2A26D1FA2B2B16EA00F68A9E /* Debug */ = {
			isa = XCBuildConfiguration;
			buildSettings = {
				ALWAYS_EMBED_SWIFT_STANDARD_LIBRARIES = YES;
				BUNDLE_LOADER = "$(TEST_HOST)";
				CODE_SIGN_STYLE = Automatic;
				CURRENT_PROJECT_VERSION = 1;
				DEVELOPMENT_TEAM = 663KXV4GKQ;
				GENERATE_INFOPLIST_FILE = YES;
				IPHONEOS_DEPLOYMENT_TARGET = 17.2;
				MARKETING_VERSION = 1.0;
				PRODUCT_BUNDLE_IDENTIFIER = com.whitehatgaming.DynamicStylingPOCTests;
				PRODUCT_NAME = "$(TARGET_NAME)";
				SWIFT_EMIT_LOC_STRINGS = NO;
				SWIFT_VERSION = 5.0;
				TARGETED_DEVICE_FAMILY = "1,2";
				TEST_HOST = "$(BUILT_PRODUCTS_DIR)/DynamicStylingPOC.app/$(BUNDLE_EXECUTABLE_FOLDER_PATH)/DynamicStylingPOC";
			};
			name = Debug;
		};
		2A26D1FB2B2B16EA00F68A9E /* Release */ = {
			isa = XCBuildConfiguration;
			buildSettings = {
				ALWAYS_EMBED_SWIFT_STANDARD_LIBRARIES = YES;
				BUNDLE_LOADER = "$(TEST_HOST)";
				CODE_SIGN_STYLE = Automatic;
				CURRENT_PROJECT_VERSION = 1;
				DEVELOPMENT_TEAM = 663KXV4GKQ;
				GENERATE_INFOPLIST_FILE = YES;
				IPHONEOS_DEPLOYMENT_TARGET = 17.2;
				MARKETING_VERSION = 1.0;
				PRODUCT_BUNDLE_IDENTIFIER = com.whitehatgaming.DynamicStylingPOCTests;
				PRODUCT_NAME = "$(TARGET_NAME)";
				SWIFT_EMIT_LOC_STRINGS = NO;
				SWIFT_VERSION = 5.0;
				TARGETED_DEVICE_FAMILY = "1,2";
				TEST_HOST = "$(BUILT_PRODUCTS_DIR)/DynamicStylingPOC.app/$(BUNDLE_EXECUTABLE_FOLDER_PATH)/DynamicStylingPOC";
			};
			name = Release;
		};
/* End XCBuildConfiguration section */

/* Begin XCConfigurationList section */
		2A26D1CD2B2B16E800F68A9E /* Build configuration list for PBXProject "DynamicStylingPOC" */ = {
			isa = XCConfigurationList;
			buildConfigurations = (
				2A26D1F42B2B16EA00F68A9E /* Debug */,
				2A26D1F52B2B16EA00F68A9E /* Release */,
			);
			defaultConfigurationIsVisible = 0;
			defaultConfigurationName = Release;
		};
		2A26D1F62B2B16EA00F68A9E /* Build configuration list for PBXNativeTarget "DynamicStylingPOC" */ = {
			isa = XCConfigurationList;
			buildConfigurations = (
				2A26D1F72B2B16EA00F68A9E /* Debug */,
				2A26D1F82B2B16EA00F68A9E /* Release */,
			);
			defaultConfigurationIsVisible = 0;
			defaultConfigurationName = Release;
		};
		2A26D1F92B2B16EA00F68A9E /* Build configuration list for PBXNativeTarget "DynamicStylingPOCTests" */ = {
			isa = XCConfigurationList;
			buildConfigurations = (
				2A26D1FA2B2B16EA00F68A9E /* Debug */,
				2A26D1FB2B2B16EA00F68A9E /* Release */,
			);
			defaultConfigurationIsVisible = 0;
			defaultConfigurationName = Release;
		};
/* End XCConfigurationList section */

/* Begin XCRemoteSwiftPackageReference section */
		2A26D2112B2B45CF00F68A9E /* XCRemoteSwiftPackageReference "SwiftFormat" */ = {
			isa = XCRemoteSwiftPackageReference;
			repositoryURL = "https://github.com/nicklockwood/SwiftFormat";
			requirement = {
				kind = exactVersion;
				version = 0.52.11;
			};
		};
/* End XCRemoteSwiftPackageReference section */

/* Begin XCSwiftPackageProductDependency section */
		2A26D2062B2B295300F68A9E /* AppFeature */ = {
			isa = XCSwiftPackageProductDependency;
			productName = AppFeature;
		};
/* End XCSwiftPackageProductDependency section */
	};
	rootObject = 2A26D1CA2B2B16E800F68A9E /* Project object */;
}
